// !$*UTF8*$!
{
	archiveVersion = 1;
	classes = {
	};
	objectVersion = 77;
	objects = {

/* Begin PBXBuildFile section */
		05603735153BE6A86882E8A1 /* BrandConfirmView.swift in Sources */ = {isa = PBXBuildFile; fileRef = C47E6C51FBDA2E51346E560B /* BrandConfirmView.swift */; };
		0FDFACBB66179912E754C3B4 /* SlipPassLiveActivityWidget.swift in Sources */ = {isa = PBXBuildFile; fileRef = 39EC3C6B6FD0A13C2C0F90A4 /* SlipPassLiveActivityWidget.swift */; };
		118D95870E522309A706EB9F /* PassGeofenceManager.swift in Sources */ = {isa = PBXBuildFile; fileRef = 2845D0C580A37F0EB69C5A4A /* PassGeofenceManager.swift */; };
		1B6849EA654F4F8CA23D72E9 /* Assets.xcassets in Resources */ = {isa = PBXBuildFile; fileRef = 2EC03091146138679A40E07D /* Assets.xcassets */; };
		23C2763C8B8337C847564488 /* PassExpiration.swift in Sources */ = {isa = PBXBuildFile; fileRef = 51B73C337409A2C1A294FAF8 /* PassExpiration.swift */; };
		2450259A2F21741CCB88C1C6 /* SlipShareExtension.appex in Embed Foundation Extensions */ = {isa = PBXBuildFile; fileRef = 8C3937E9EB7CCBCB5E3104F4 /* SlipShareExtension.appex */; settings = {ATTRIBUTES = (RemoveHeadersOnCopy, ); }; };
		28D3A49DED56189D1F35747B /* PrivacyInfo.xcprivacy in Resources */ = {isa = PBXBuildFile; fileRef = 526E9EDFA55AB39844FB95EF /* PrivacyInfo.xcprivacy */; };
		31E008043173D4EF35CBEDBA /* SettingsView.swift in Sources */ = {isa = PBXBuildFile; fileRef = 6E61E78F71468FD9BF3088AF /* SettingsView.swift */; };
		3469C4602E305811B2302C3D /* VaultCrypto.swift in Sources */ = {isa = PBXBuildFile; fileRef = 838354E90A64A84D0180F3CC /* VaultCrypto.swift */; };
		49E1DCE75087F2404EBD065C /* AddToWalletButton.swift in Sources */ = {isa = PBXBuildFile; fileRef = A2697BE4629C91B6EC6EE571 /* AddToWalletButton.swift */; };
		515CCB4E78B8E81D4226EC12 /* ConfirmPassSheet.swift in Sources */ = {isa = PBXBuildFile; fileRef = DDB9B3A8040F408AF8D5C5AC /* ConfirmPassSheet.swift */; };
		5419AD28CE0A22BBBAF83B98 /* SlipWidgetsBundle.swift in Sources */ = {isa = PBXBuildFile; fileRef = 71CF6AF250A5484C2CB7CA0C /* SlipWidgetsBundle.swift */; };
		59FE3AD20E0D20F2E85397F0 /* ShareViewController.swift in Sources */ = {isa = PBXBuildFile; fileRef = 665FFAD7FD2A2464888AFA54 /* ShareViewController.swift */; };
		5AB58843BC21249F8DBD6DEA /* SlipApp.swift in Sources */ = {isa = PBXBuildFile; fileRef = 17BBA75578DBF6F2AEE57DE8 /* SlipApp.swift */; };
		5C81F5632709A406A7E12826 /* AppModel.swift in Sources */ = {isa = PBXBuildFile; fileRef = F3C1C88D660F7DCF3E6687E1 /* AppModel.swift */; };
		6630ABE3661774038BC1B018 /* SlipPassActivityAttributes.swift in Sources */ = {isa = PBXBuildFile; fileRef = 877890531293A54EDCD3CE23 /* SlipPassActivityAttributes.swift */; };
		6655699D5A806DE33E0B1CCE /* BrandClassifier.swift in Sources */ = {isa = PBXBuildFile; fileRef = B263CA7CA030BB7E28D19E65 /* BrandClassifier.swift */; };
		6B1367AE602F49459EBBC49F /* TicketText.swift in Sources */ = {isa = PBXBuildFile; fileRef = 485A40C9750E4B5B8554F542 /* TicketText.swift */; };
		5C6870547ABE4EDDA3FDB33C /* TicketText.swift in Sources */ = {isa = PBXBuildFile; fileRef = 485A40C9750E4B5B8554F542 /* TicketText.swift */; };
		1E31223F0C2A4D499186B595 /* BrandPassHandler.swift in Sources */ = {isa = PBXBuildFile; fileRef = F4193841C5A142C6B2E9D310 /* BrandPassHandler.swift */; };
		31B7FFC5472A41D5A220BAED /* BrandPassHandler.swift in Sources */ = {isa = PBXBuildFile; fileRef = F4193841C5A142C6B2E9D310 /* BrandPassHandler.swift */; };
		0732B750BBF44B6D88D4302B /* AirbnbPassHandler.swift in Sources */ = {isa = PBXBuildFile; fileRef = 8D47C56B4C9C4576957D7DD5 /* AirbnbPassHandler.swift */; };
		C9B9049724F54876BEFD7EE7 /* AirbnbPassHandler.swift in Sources */ = {isa = PBXBuildFile; fileRef = 8D47C56B4C9C4576957D7DD5 /* AirbnbPassHandler.swift */; };
		744A34FA84CA4E36A1B28BE4 /* AirlineHintPassHandler.swift in Sources */ = {isa = PBXBuildFile; fileRef = 45E4BB3F3217496792F61A78 /* AirlineHintPassHandler.swift */; };
		A2C3C8174C554D2DA8B93833 /* AirlineHintPassHandler.swift in Sources */ = {isa = PBXBuildFile; fileRef = 45E4BB3F3217496792F61A78 /* AirlineHintPassHandler.swift */; };
		5438C9ABB8C24089A894A586 /* BookMyShowPassHandler.swift in Sources */ = {isa = PBXBuildFile; fileRef = 8F32AF49E7C349EE9273C812 /* BookMyShowPassHandler.swift */; };
		1380C6051B55476CB97BC2EF /* BookMyShowPassHandler.swift in Sources */ = {isa = PBXBuildFile; fileRef = 8F32AF49E7C349EE9273C812 /* BookMyShowPassHandler.swift */; };
		321D39F1827D4D17A1386E82 /* CultPassHandler.swift in Sources */ = {isa = PBXBuildFile; fileRef = 0EC57F57BB134622806749C0 /* CultPassHandler.swift */; };
		102CE536EF3342A19ECCA301 /* CultPassHandler.swift in Sources */ = {isa = PBXBuildFile; fileRef = 0EC57F57BB134622806749C0 /* CultPassHandler.swift */; };
		95D21B3144794DC18C2324C5 /* DiningPassHandler.swift in Sources */ = {isa = PBXBuildFile; fileRef = 2996C98C403F4EB1A475B67A /* DiningPassHandler.swift */; };
		632C9D665E9A474990E5C371 /* DiningPassHandler.swift in Sources */ = {isa = PBXBuildFile; fileRef = 2996C98C403F4EB1A475B67A /* DiningPassHandler.swift */; };
		D69CA8CE1D7345E2A0B46E02 /* DistrictPassHandler.swift in Sources */ = {isa = PBXBuildFile; fileRef = 0DD71E71115B4AA692A2099E /* DistrictPassHandler.swift */; };
		3FEB913DEFC340579F3AB534 /* DistrictPassHandler.swift in Sources */ = {isa = PBXBuildFile; fileRef = 0DD71E71115B4AA692A2099E /* DistrictPassHandler.swift */; };
		798B78456B3F4B6BB62E5335 /* IRCTCPassHandler.swift in Sources */ = {isa = PBXBuildFile; fileRef = 05E1FA5C582F4316A23BFE01 /* IRCTCPassHandler.swift */; };
		EA6387245EC94944A7528D73 /* IRCTCPassHandler.swift in Sources */ = {isa = PBXBuildFile; fileRef = 05E1FA5C582F4316A23BFE01 /* IRCTCPassHandler.swift */; };
		35F3AFB341F44C1D9B3606E2 /* IndigoPassHandler.swift in Sources */ = {isa = PBXBuildFile; fileRef = 83117E78243F4A6584FFEF46 /* IndigoPassHandler.swift */; };
		98F20D0D9B3F452BB458BC5F /* IndigoPassHandler.swift in Sources */ = {isa = PBXBuildFile; fileRef = 83117E78243F4A6584FFEF46 /* IndigoPassHandler.swift */; };
		C0305EF21D57480689F2A6D5 /* NammaMetroPassHandler.swift in Sources */ = {isa = PBXBuildFile; fileRef = D98F096605D34934989A831F /* NammaMetroPassHandler.swift */; };
		7C76F679C9104537BA58D573 /* NammaMetroPassHandler.swift in Sources */ = {isa = PBXBuildFile; fileRef = D98F096605D34934989A831F /* NammaMetroPassHandler.swift */; };
		A3F6A85CA6F44FD7AD5B04B5 /* RedBusPassHandler.swift in Sources */ = {isa = PBXBuildFile; fileRef = F2B81F98AAA4457EB26FE9CA /* RedBusPassHandler.swift */; };
		CC0E2B262B1C4ECDB5CE1E8C /* RedBusPassHandler.swift in Sources */ = {isa = PBXBuildFile; fileRef = F2B81F98AAA4457EB26FE9CA /* RedBusPassHandler.swift */; };
		6CC4677C8FD04FEEA80DEA08 /* UPIPassHandler.swift in Sources */ = {isa = PBXBuildFile; fileRef = 32D7D97ACC3241258E52FD25 /* UPIPassHandler.swift */; };
		1BDBF733F693477A8D3758E6 /* UPIPassHandler.swift in Sources */ = {isa = PBXBuildFile; fileRef = 32D7D97ACC3241258E52FD25 /* UPIPassHandler.swift */; };
		103661A9EFF64605800AD603 /* ZoomcarPassHandler.swift in Sources */ = {isa = PBXBuildFile; fileRef = 6E113915E20042EAB6EB5854 /* ZoomcarPassHandler.swift */; };
		AE52D9CF06934AA78B21E416 /* ZoomcarPassHandler.swift in Sources */ = {isa = PBXBuildFile; fileRef = 6E113915E20042EAB6EB5854 /* ZoomcarPassHandler.swift */; };
		485A40C9750E4B5B8554F542 /* TicketText.swift */ = {isa = PBXFileReference; lastKnownFileType = sourcecode.swift; path = TicketText.swift; sourceTree = "<group>"; };
		F4193841C5A142C6B2E9D310 /* BrandPassHandler.swift */ = {isa = PBXFileReference; lastKnownFileType = sourcecode.swift; path = BrandPassHandler.swift; sourceTree = "<group>"; };
		8D47C56B4C9C4576957D7DD5 /* AirbnbPassHandler.swift */ = {isa = PBXFileReference; lastKnownFileType = sourcecode.swift; path = AirbnbPassHandler.swift; sourceTree = "<group>"; };
		45E4BB3F3217496792F61A78 /* AirlineHintPassHandler.swift */ = {isa = PBXFileReference; lastKnownFileType = sourcecode.swift; path = AirlineHintPassHandler.swift; sourceTree = "<group>"; };
		8F32AF49E7C349EE9273C812 /* BookMyShowPassHandler.swift */ = {isa = PBXFileReference; lastKnownFileType = sourcecode.swift; path = BookMyShowPassHandler.swift; sourceTree = "<group>"; };
		0EC57F57BB134622806749C0 /* CultPassHandler.swift */ = {isa = PBXFileReference; lastKnownFileType = sourcecode.swift; path = CultPassHandler.swift; sourceTree = "<group>"; };
		2996C98C403F4EB1A475B67A /* DiningPassHandler.swift */ = {isa = PBXFileReference; lastKnownFileType = sourcecode.swift; path = DiningPassHandler.swift; sourceTree = "<group>"; };
		0DD71E71115B4AA692A2099E /* DistrictPassHandler.swift */ = {isa = PBXFileReference; lastKnownFileType = sourcecode.swift; path = DistrictPassHandler.swift; sourceTree = "<group>"; };
		05E1FA5C582F4316A23BFE01 /* IRCTCPassHandler.swift */ = {isa = PBXFileReference; lastKnownFileType = sourcecode.swift; path = IRCTCPassHandler.swift; sourceTree = "<group>"; };
		83117E78243F4A6584FFEF46 /* IndigoPassHandler.swift */ = {isa = PBXFileReference; lastKnownFileType = sourcecode.swift; path = IndigoPassHandler.swift; sourceTree = "<group>"; };
		D98F096605D34934989A831F /* NammaMetroPassHandler.swift */ = {isa = PBXFileReference; lastKnownFileType = sourcecode.swift; path = NammaMetroPassHandler.swift; sourceTree = "<group>"; };
		F2B81F98AAA4457EB26FE9CA /* RedBusPassHandler.swift */ = {isa = PBXFileReference; lastKnownFileType = sourcecode.swift; path = RedBusPassHandler.swift; sourceTree = "<group>"; };
		32D7D97ACC3241258E52FD25 /* UPIPassHandler.swift */ = {isa = PBXFileReference; lastKnownFileType = sourcecode.swift; path = UPIPassHandler.swift; sourceTree = "<group>"; };
		6E113915E20042EAB6EB5854 /* ZoomcarPassHandler.swift */ = {isa = PBXFileReference; lastKnownFileType = sourcecode.swift; path = ZoomcarPassHandler.swift; sourceTree = "<group>"; };
		6CF3826AB8ACF6C5F18F5397 /* CreatePassAppIntent.swift in Sources */ = {isa = PBXBuildFile; fileRef = 69CA5DE032603667DFEBD79C /* CreatePassAppIntent.swift */; };
		73F53AD234A515CCEF53D2E1 /* BrandFields.swift in Sources */ = {isa = PBXBuildFile; fileRef = 7777BE903825343C1AC8E459 /* BrandFields.swift */; };
		7653FD0633654DD7F96B98C7 /* PassLiveActivityController.swift in Sources */ = {isa = PBXBuildFile; fileRef = 427C9D71E2BFD3CADA988307 /* PassLiveActivityController.swift */; };
		8B6E680A0B086CF7F619787F /* LoginView.swift in Sources */ = {isa = PBXBuildFile; fileRef = B0EFC8B13A7A5CD96F74FE58 /* LoginView.swift */; };
		9D2E37A70D1BD56C1D8F657A /* LiveScannerView.swift in Sources */ = {isa = PBXBuildFile; fileRef = C5F6E9136DF864C9BE8962E9 /* LiveScannerView.swift */; };
		AE2B9CF513CDE8AF72CF8D41 /* MarketplaceView.swift in Sources */ = {isa = PBXBuildFile; fileRef = 08D1C2797F48F9C26B2AAA5C /* MarketplaceView.swift */; };
		B07AD6BE9FA10487FA368CBF /* TicketExtractor.swift in Sources */ = {isa = PBXBuildFile; fileRef = 3D621D1E5C43A65B0124382B /* TicketExtractor.swift */; };
		B195DC49B7D88226C3A959EF /* TicketExtractor.swift in Sources */ = {isa = PBXBuildFile; fileRef = 3D621D1E5C43A65B0124382B /* TicketExtractor.swift */; };
		BA12F7F9D3C8B34DFC4A0730 /* ContentView.swift in Sources */ = {isa = PBXBuildFile; fileRef = C27CD80C407F877B0A7E2B75 /* ContentView.swift */; };
		BA77E872A153AC3B273D81A3 /* PassIntelligence.swift in Sources */ = {isa = PBXBuildFile; fileRef = EC254EF101ED57713178447A /* PassIntelligence.swift */; };
		C394847F78E40A0549010D04 /* LocationAccess.swift in Sources */ = {isa = PBXBuildFile; fileRef = 4CAFC42838CB7C6A0F0E242F /* LocationAccess.swift */; };
		C6F1D4B660C77FC1D24E7CAA /* Models.swift in Sources */ = {isa = PBXBuildFile; fileRef = C8B8ABD081C5146E022BBD92 /* Models.swift */; };
		C88302FA76A6F9B5BCDB44D7 /* PassExpiration.swift in Sources */ = {isa = PBXBuildFile; fileRef = 51B73C337409A2C1A294FAF8 /* PassExpiration.swift */; };
		CC037B5498D3DE35D2815BCE /* Models.swift in Sources */ = {isa = PBXBuildFile; fileRef = C8B8ABD081C5146E022BBD92 /* Models.swift */; };
		CCF77D5677B4E51D745B71DB /* VaultCrypto.swift in Sources */ = {isa = PBXBuildFile; fileRef = 838354E90A64A84D0180F3CC /* VaultCrypto.swift */; };
		CD6A81CE6FB9F4415FF4793E /* SlipWidgets.appex in Embed Foundation Extensions */ = {isa = PBXBuildFile; fileRef = 55FDA99AD6EE236EC8FA5ACB /* SlipWidgets.appex */; settings = {ATTRIBUTES = (RemoveHeadersOnCopy, ); }; };
		CEC3BA9056B7B18B8D39C0E6 /* DashboardView.swift in Sources */ = {isa = PBXBuildFile; fileRef = 1DCCCCD09D45675AC2E04EC2 /* DashboardView.swift */; };
		D0B5A407C365AA4C465B7E2D /* BrandFields.swift in Sources */ = {isa = PBXBuildFile; fileRef = 7777BE903825343C1AC8E459 /* BrandFields.swift */; };
		D5FD67DADF8778241937C147 /* PassIntelligence.swift in Sources */ = {isa = PBXBuildFile; fileRef = EC254EF101ED57713178447A /* PassIntelligence.swift */; };
		DC72B6751C1641D760921B2C /* PassDetailsView.swift in Sources */ = {isa = PBXBuildFile; fileRef = 965ADBF54701435DE6EF84B4 /* PassDetailsView.swift */; };
		2B72ED13E2CE401A83556958 /* WalletPassPreview.swift in Sources */ = {isa = PBXBuildFile; fileRef = 895A3DE4914A4E8987AB10D6 /* WalletPassPreview.swift */; };
		D6FBDA8AF77745DF96732679 /* BrandSelectSheet.swift in Sources */ = {isa = PBXBuildFile; fileRef = 3A3CA2001D74458D941BBB20 /* BrandSelectSheet.swift */; };
		E0A813A61CB042CC05C324D8 /* AuthSession.swift in Sources */ = {isa = PBXBuildFile; fileRef = 00B3D5FC3E2DC6E839327AE4 /* AuthSession.swift */; };
		F472D04F866D9E3CDEED062B /* PassAPIClient.swift in Sources */ = {isa = PBXBuildFile; fileRef = DB2C529080055CAEF318AC1E /* PassAPIClient.swift */; };
		F94781AF9BC14704827E60DD /* SlipPassActivityAttributes.swift in Sources */ = {isa = PBXBuildFile; fileRef = 877890531293A54EDCD3CE23 /* SlipPassActivityAttributes.swift */; };
		FB37B03DFA4C2A20859BCA18 /* SlipTheme.swift in Sources */ = {isa = PBXBuildFile; fileRef = 0783491530619C761F358A92 /* SlipTheme.swift */; };
		FC626BE1BA8F18EFBAA9BED9 /* BrandClassifier.swift in Sources */ = {isa = PBXBuildFile; fileRef = B263CA7CA030BB7E28D19E65 /* BrandClassifier.swift */; };
		FECBCD2D63B101FEDA3E0867 /* PassVaultStore.swift in Sources */ = {isa = PBXBuildFile; fileRef = 946D52FF5E6AC40078C71BDA /* PassVaultStore.swift */; };
/* End PBXBuildFile section */

/* Begin PBXContainerItemProxy section */
		30DBA5CA5937356D04B2F28C /* PBXContainerItemProxy */ = {
			isa = PBXContainerItemProxy;
			containerPortal = 61C076D643A84C32D1B91F12 /* Project object */;
			proxyType = 1;
			remoteGlobalIDString = 218924599EBD4E248862FB66;
			remoteInfo = SlipWidgets;
		};
		470C84A853C1A49634FD3B3C /* PBXContainerItemProxy */ = {
			isa = PBXContainerItemProxy;
			containerPortal = 61C076D643A84C32D1B91F12 /* Project object */;
			proxyType = 1;
			remoteGlobalIDString = 45D3F0493594B4B18BF193D0;
			remoteInfo = SlipShareExtension;
		};
/* End PBXContainerItemProxy section */

/* Begin PBXCopyFilesBuildPhase section */
		D7E93DBB1401BB7DBF9B9963 /* Embed Foundation Extensions */ = {
			isa = PBXCopyFilesBuildPhase;
			buildActionMask = 2147483647;
			dstPath = "";
			dstSubfolderSpec = 13;
			files = (
				2450259A2F21741CCB88C1C6 /* SlipShareExtension.appex in Embed Foundation Extensions */,
				CD6A81CE6FB9F4415FF4793E /* SlipWidgets.appex in Embed Foundation Extensions */,
			);
			name = "Embed Foundation Extensions";
			runOnlyForDeploymentPostprocessing = 0;
		};
/* End PBXCopyFilesBuildPhase section */

/* Begin PBXFileReference section */
		00B3D5FC3E2DC6E839327AE4 /* AuthSession.swift */ = {isa = PBXFileReference; lastKnownFileType = sourcecode.swift; path = AuthSession.swift; sourceTree = "<group>"; };
		0783491530619C761F358A92 /* SlipTheme.swift */ = {isa = PBXFileReference; lastKnownFileType = sourcecode.swift; path = SlipTheme.swift; sourceTree = "<group>"; };
		08D1C2797F48F9C26B2AAA5C /* MarketplaceView.swift */ = {isa = PBXFileReference; lastKnownFileType = sourcecode.swift; path = MarketplaceView.swift; sourceTree = "<group>"; };
		17BBA75578DBF6F2AEE57DE8 /* SlipApp.swift */ = {isa = PBXFileReference; lastKnownFileType = sourcecode.swift; path = SlipApp.swift; sourceTree = "<group>"; };
		1DCCCCD09D45675AC2E04EC2 /* DashboardView.swift */ = {isa = PBXFileReference; lastKnownFileType = sourcecode.swift; path = DashboardView.swift; sourceTree = "<group>"; };
		2845D0C580A37F0EB69C5A4A /* PassGeofenceManager.swift */ = {isa = PBXFileReference; lastKnownFileType = sourcecode.swift; path = PassGeofenceManager.swift; sourceTree = "<group>"; };
		2EC03091146138679A40E07D /* Assets.xcassets */ = {isa = PBXFileReference; lastKnownFileType = folder.assetcatalog; path = Assets.xcassets; sourceTree = "<group>"; };
		39EC3C6B6FD0A13C2C0F90A4 /* SlipPassLiveActivityWidget.swift */ = {isa = PBXFileReference; lastKnownFileType = sourcecode.swift; path = SlipPassLiveActivityWidget.swift; sourceTree = "<group>"; };
		3D621D1E5C43A65B0124382B /* TicketExtractor.swift */ = {isa = PBXFileReference; lastKnownFileType = sourcecode.swift; path = TicketExtractor.swift; sourceTree = "<group>"; };
		427C9D71E2BFD3CADA988307 /* PassLiveActivityController.swift */ = {isa = PBXFileReference; lastKnownFileType = sourcecode.swift; path = PassLiveActivityController.swift; sourceTree = "<group>"; };
		4564222B5D2D431FAB5BA55E /* Info.plist */ = {isa = PBXFileReference; lastKnownFileType = text.plist; path = Info.plist; sourceTree = "<group>"; };
		4CAFC42838CB7C6A0F0E242F /* LocationAccess.swift */ = {isa = PBXFileReference; lastKnownFileType = sourcecode.swift; path = LocationAccess.swift; sourceTree = "<group>"; };
		51B73C337409A2C1A294FAF8 /* PassExpiration.swift */ = {isa = PBXFileReference; lastKnownFileType = sourcecode.swift; path = PassExpiration.swift; sourceTree = "<group>"; };
		526E9EDFA55AB39844FB95EF /* PrivacyInfo.xcprivacy */ = {isa = PBXFileReference; path = PrivacyInfo.xcprivacy; sourceTree = "<group>"; };
		55FDA99AD6EE236EC8FA5ACB /* SlipWidgets.appex */ = {isa = PBXFileReference; includeInIndex = 0; lastKnownFileType = "wrapper.app-extension"; path = SlipWidgets.appex; sourceTree = BUILT_PRODUCTS_DIR; };
		665FFAD7FD2A2464888AFA54 /* ShareViewController.swift */ = {isa = PBXFileReference; lastKnownFileType = sourcecode.swift; path = ShareViewController.swift; sourceTree = "<group>"; };
		69CA5DE032603667DFEBD79C /* CreatePassAppIntent.swift */ = {isa = PBXFileReference; lastKnownFileType = sourcecode.swift; path = CreatePassAppIntent.swift; sourceTree = "<group>"; };
		6E61E78F71468FD9BF3088AF /* SettingsView.swift */ = {isa = PBXFileReference; lastKnownFileType = sourcecode.swift; path = SettingsView.swift; sourceTree = "<group>"; };
		7062E51BFDA810ADEC391AA3 /* Slip.app */ = {isa = PBXFileReference; includeInIndex = 0; lastKnownFileType = wrapper.application; path = Slip.app; sourceTree = BUILT_PRODUCTS_DIR; };
		71CF6AF250A5484C2CB7CA0C /* SlipWidgetsBundle.swift */ = {isa = PBXFileReference; lastKnownFileType = sourcecode.swift; path = SlipWidgetsBundle.swift; sourceTree = "<group>"; };
		7777BE903825343C1AC8E459 /* BrandFields.swift */ = {isa = PBXFileReference; lastKnownFileType = sourcecode.swift; path = BrandFields.swift; sourceTree = "<group>"; };
		838354E90A64A84D0180F3CC /* VaultCrypto.swift */ = {isa = PBXFileReference; lastKnownFileType = sourcecode.swift; path = VaultCrypto.swift; sourceTree = "<group>"; };
		877890531293A54EDCD3CE23 /* SlipPassActivityAttributes.swift */ = {isa = PBXFileReference; lastKnownFileType = sourcecode.swift; path = SlipPassActivityAttributes.swift; sourceTree = "<group>"; };
		8C3937E9EB7CCBCB5E3104F4 /* SlipShareExtension.appex */ = {isa = PBXFileReference; includeInIndex = 0; lastKnownFileType = "wrapper.app-extension"; path = SlipShareExtension.appex; sourceTree = BUILT_PRODUCTS_DIR; };
		946D52FF5E6AC40078C71BDA /* PassVaultStore.swift */ = {isa = PBXFileReference; lastKnownFileType = sourcecode.swift; path = PassVaultStore.swift; sourceTree = "<group>"; };
		965ADBF54701435DE6EF84B4 /* PassDetailsView.swift */ = {isa = PBXFileReference; lastKnownFileType = sourcecode.swift; path = PassDetailsView.swift; sourceTree = "<group>"; };
		895A3DE4914A4E8987AB10D6 /* WalletPassPreview.swift */ = {isa = PBXFileReference; lastKnownFileType = sourcecode.swift; path = WalletPassPreview.swift; sourceTree = "<group>"; };
		3A3CA2001D74458D941BBB20 /* BrandSelectSheet.swift */ = {isa = PBXFileReference; lastKnownFileType = sourcecode.swift; path = BrandSelectSheet.swift; sourceTree = "<group>"; };
		9ADF376FEA8CA772D0EBD806 /* Info.plist */ = {isa = PBXFileReference; lastKnownFileType = text.plist; path = Info.plist; sourceTree = "<group>"; };
		A19E44B5EBEAAB8E976B96D1 /* SlipShareExtension.entitlements */ = {isa = PBXFileReference; lastKnownFileType = text.plist.entitlements; path = SlipShareExtension.entitlements; sourceTree = "<group>"; };
		A2697BE4629C91B6EC6EE571 /* AddToWalletButton.swift */ = {isa = PBXFileReference; lastKnownFileType = sourcecode.swift; path = AddToWalletButton.swift; sourceTree = "<group>"; };
		A8A1913386BDCCF6EE9FE503 /* Slip.entitlements */ = {isa = PBXFileReference; lastKnownFileType = text.plist.entitlements; path = Slip.entitlements; sourceTree = "<group>"; };
		B0EFC8B13A7A5CD96F74FE58 /* LoginView.swift */ = {isa = PBXFileReference; lastKnownFileType = sourcecode.swift; path = LoginView.swift; sourceTree = "<group>"; };
		B263CA7CA030BB7E28D19E65 /* BrandClassifier.swift */ = {isa = PBXFileReference; lastKnownFileType = sourcecode.swift; path = BrandClassifier.swift; sourceTree = "<group>"; };
		C27CD80C407F877B0A7E2B75 /* ContentView.swift */ = {isa = PBXFileReference; lastKnownFileType = sourcecode.swift; path = ContentView.swift; sourceTree = "<group>"; };
		C47E6C51FBDA2E51346E560B /* BrandConfirmView.swift */ = {isa = PBXFileReference; lastKnownFileType = sourcecode.swift; path = BrandConfirmView.swift; sourceTree = "<group>"; };
		C5F6E9136DF864C9BE8962E9 /* LiveScannerView.swift */ = {isa = PBXFileReference; lastKnownFileType = sourcecode.swift; path = LiveScannerView.swift; sourceTree = "<group>"; };
		C8B8ABD081C5146E022BBD92 /* Models.swift */ = {isa = PBXFileReference; lastKnownFileType = sourcecode.swift; path = Models.swift; sourceTree = "<group>"; };
		D9D33BB698BF00C47A64B124 /* Info.plist */ = {isa = PBXFileReference; lastKnownFileType = text.plist; path = Info.plist; sourceTree = "<group>"; };
		DB2C529080055CAEF318AC1E /* PassAPIClient.swift */ = {isa = PBXFileReference; lastKnownFileType = sourcecode.swift; path = PassAPIClient.swift; sourceTree = "<group>"; };
		DDB9B3A8040F408AF8D5C5AC /* ConfirmPassSheet.swift */ = {isa = PBXFileReference; lastKnownFileType = sourcecode.swift; path = ConfirmPassSheet.swift; sourceTree = "<group>"; };
		EC254EF101ED57713178447A /* PassIntelligence.swift */ = {isa = PBXFileReference; lastKnownFileType = sourcecode.swift; path = PassIntelligence.swift; sourceTree = "<group>"; };
		F3C1C88D660F7DCF3E6687E1 /* AppModel.swift */ = {isa = PBXFileReference; lastKnownFileType = sourcecode.swift; path = AppModel.swift; sourceTree = "<group>"; };
/* End PBXFileReference section */

/* Begin PBXGroup section */
		3E96FE3B111717A05952F42E = {
			isa = PBXGroup;
			children = (
				CF877F8ABF8469D02942E9C2 /* Slip */,
				B3D6CB062C0261B9F0F4A096 /* SlipActivityShared */,
				71F3FC9A405A26BBEFCE1ED3 /* SlipShared */,
				6B0226088AD0F91B9FB91FB1 /* SlipShareExtension */,
				516ED30741AFAB57EE82129C /* SlipWidgets */,
				E7161B3A0B90D8438DF8D2BF /* Products */,
			);
			sourceTree = "<group>";
		};
		8D2BE013007946EFB4A6048C /* Brands */ = {
			isa = PBXGroup;
			children = (
				8D47C56B4C9C4576957D7DD5 /* AirbnbPassHandler.swift */,
				45E4BB3F3217496792F61A78 /* AirlineHintPassHandler.swift */,
				8F32AF49E7C349EE9273C812 /* BookMyShowPassHandler.swift */,
				0EC57F57BB134622806749C0 /* CultPassHandler.swift */,
				2996C98C403F4EB1A475B67A /* DiningPassHandler.swift */,
				0DD71E71115B4AA692A2099E /* DistrictPassHandler.swift */,
				05E1FA5C582F4316A23BFE01 /* IRCTCPassHandler.swift */,
				83117E78243F4A6584FFEF46 /* IndigoPassHandler.swift */,
				D98F096605D34934989A831F /* NammaMetroPassHandler.swift */,
				F2B81F98AAA4457EB26FE9CA /* RedBusPassHandler.swift */,
				32D7D97ACC3241258E52FD25 /* UPIPassHandler.swift */,
				6E113915E20042EAB6EB5854 /* ZoomcarPassHandler.swift */,
			);
			path = Brands;
			sourceTree = "<group>";
		};
		516ED30741AFAB57EE82129C /* SlipWidgets */ = {
			isa = PBXGroup;
			children = (
				D9D33BB698BF00C47A64B124 /* Info.plist */,
				39EC3C6B6FD0A13C2C0F90A4 /* SlipPassLiveActivityWidget.swift */,
				71CF6AF250A5484C2CB7CA0C /* SlipWidgetsBundle.swift */,
			);
			path = SlipWidgets;
			sourceTree = "<group>";
		};
		6B0226088AD0F91B9FB91FB1 /* SlipShareExtension */ = {
			isa = PBXGroup;
			children = (
				9ADF376FEA8CA772D0EBD806 /* Info.plist */,
				665FFAD7FD2A2464888AFA54 /* ShareViewController.swift */,
				A19E44B5EBEAAB8E976B96D1 /* SlipShareExtension.entitlements */,
			);
			path = SlipShareExtension;
			sourceTree = "<group>";
		};
		71F3FC9A405A26BBEFCE1ED3 /* SlipShared */ = {
			isa = PBXGroup;
			children = (
				B263CA7CA030BB7E28D19E65 /* BrandClassifier.swift */,
				7777BE903825343C1AC8E459 /* BrandFields.swift */,
				C8B8ABD081C5146E022BBD92 /* Models.swift */,
				51B73C337409A2C1A294FAF8 /* PassExpiration.swift */,
				EC254EF101ED57713178447A /* PassIntelligence.swift */,
				3D621D1E5C43A65B0124382B /* TicketExtractor.swift */,
				838354E90A64A84D0180F3CC /* VaultCrypto.swift */,
				8D2BE013007946EFB4A6048C /* Brands */,
				485A40C9750E4B5B8554F542 /* TicketText.swift */,
				F4193841C5A142C6B2E9D310 /* BrandPassHandler.swift */,
			);
			path = SlipShared;
			sourceTree = "<group>";
		};
		B3D6CB062C0261B9F0F4A096 /* SlipActivityShared */ = {
			isa = PBXGroup;
			children = (
				877890531293A54EDCD3CE23 /* SlipPassActivityAttributes.swift */,
			);
			path = SlipActivityShared;
			sourceTree = "<group>";
		};
		CF877F8ABF8469D02942E9C2 /* Slip */ = {
			isa = PBXGroup;
			children = (
				A2697BE4629C91B6EC6EE571 /* AddToWalletButton.swift */,
				F3C1C88D660F7DCF3E6687E1 /* AppModel.swift */,
				2EC03091146138679A40E07D /* Assets.xcassets */,
				00B3D5FC3E2DC6E839327AE4 /* AuthSession.swift */,
				C47E6C51FBDA2E51346E560B /* BrandConfirmView.swift */,
				DDB9B3A8040F408AF8D5C5AC /* ConfirmPassSheet.swift */,
				C27CD80C407F877B0A7E2B75 /* ContentView.swift */,
				69CA5DE032603667DFEBD79C /* CreatePassAppIntent.swift */,
				1DCCCCD09D45675AC2E04EC2 /* DashboardView.swift */,
				4564222B5D2D431FAB5BA55E /* Info.plist */,
				C5F6E9136DF864C9BE8962E9 /* LiveScannerView.swift */,
				4CAFC42838CB7C6A0F0E242F /* LocationAccess.swift */,
				B0EFC8B13A7A5CD96F74FE58 /* LoginView.swift */,
				08D1C2797F48F9C26B2AAA5C /* MarketplaceView.swift */,
				DB2C529080055CAEF318AC1E /* PassAPIClient.swift */,
				965ADBF54701435DE6EF84B4 /* PassDetailsView.swift */,
				895A3DE4914A4E8987AB10D6 /* WalletPassPreview.swift */,
				3A3CA2001D74458D941BBB20 /* BrandSelectSheet.swift */,
				2845D0C580A37F0EB69C5A4A /* PassGeofenceManager.swift */,
				427C9D71E2BFD3CADA988307 /* PassLiveActivityController.swift */,
				946D52FF5E6AC40078C71BDA /* PassVaultStore.swift */,
				526E9EDFA55AB39844FB95EF /* PrivacyInfo.xcprivacy */,
				6E61E78F71468FD9BF3088AF /* SettingsView.swift */,
				A8A1913386BDCCF6EE9FE503 /* Slip.entitlements */,
				17BBA75578DBF6F2AEE57DE8 /* SlipApp.swift */,
				0783491530619C761F358A92 /* SlipTheme.swift */,
			);
			path = Slip;
			sourceTree = "<group>";
		};
		E7161B3A0B90D8438DF8D2BF /* Products */ = {
			isa = PBXGroup;
			children = (
				7062E51BFDA810ADEC391AA3 /* Slip.app */,
				8C3937E9EB7CCBCB5E3104F4 /* SlipShareExtension.appex */,
				55FDA99AD6EE236EC8FA5ACB /* SlipWidgets.appex */,
			);
			name = Products;
			sourceTree = "<group>";
		};
/* End PBXGroup section */

/* Begin PBXNativeTarget section */
		218924599EBD4E248862FB66 /* SlipWidgets */ = {
			isa = PBXNativeTarget;
			buildConfigurationList = 10F0F9B4A0A8F05CA05CD9E5 /* Build configuration list for PBXNativeTarget "SlipWidgets" */;
			buildPhases = (
				9615B23FCDEA69CCC4F6BF6F /* Sources */,
			);
			buildRules = (
			);
			dependencies = (
			);
			name = SlipWidgets;
			packageProductDependencies = (
			);
			productName = SlipWidgets;
			productReference = 55FDA99AD6EE236EC8FA5ACB /* SlipWidgets.appex */;
			productType = "com.apple.product-type.app-extension";
		};
		45D3F0493594B4B18BF193D0 /* SlipShareExtension */ = {
			isa = PBXNativeTarget;
			buildConfigurationList = F65C0A3032F85C12BD9BB716 /* Build configuration list for PBXNativeTarget "SlipShareExtension" */;
			buildPhases = (
				C3A546E8A981E61C3A2566C7 /* Sources */,
			);
			buildRules = (
			);
			dependencies = (
			);
			name = SlipShareExtension;
			packageProductDependencies = (
			);
			productName = SlipShareExtension;
			productReference = 8C3937E9EB7CCBCB5E3104F4 /* SlipShareExtension.appex */;
			productType = "com.apple.product-type.app-extension";
		};
		90E8F132BEC9C451FC98140C /* Slip */ = {
			isa = PBXNativeTarget;
			buildConfigurationList = A74054958591834E1D9CAD16 /* Build configuration list for PBXNativeTarget "Slip" */;
			buildPhases = (
				5A16E896C6B46360FDC5E756 /* Sources */,
				F6EA1B1CEC26A332012AD74E /* Resources */,
				D7E93DBB1401BB7DBF9B9963 /* Embed Foundation Extensions */,
			);
			buildRules = (
			);
			dependencies = (
				B68C9FD7DB2A2864D4F38863 /* PBXTargetDependency */,
				00C68158AE64CC9422FCADAE /* PBXTargetDependency */,
			);
			name = Slip;
			packageProductDependencies = (
			);
			productName = Slip;
			productReference = 7062E51BFDA810ADEC391AA3 /* Slip.app */;
			productType = "com.apple.product-type.application";
		};
/* End PBXNativeTarget section */

/* Begin PBXProject section */
		61C076D643A84C32D1B91F12 /* Project object */ = {
			isa = PBXProject;
			attributes = {
				BuildIndependentTargetsInParallel = YES;
				LastUpgradeCheck = 1430;
				TargetAttributes = {
					218924599EBD4E248862FB66 = {
						DevelopmentTeam = 9HSMVVUMVX;
						ProvisioningStyle = Automatic;
					};
					45D3F0493594B4B18BF193D0 = {
						DevelopmentTeam = 9HSMVVUMVX;
						ProvisioningStyle = Automatic;
					};
					90E8F132BEC9C451FC98140C = {
						DevelopmentTeam = 9HSMVVUMVX;
						ProvisioningStyle = Automatic;
					};
				};
			};
			buildConfigurationList = F8756B103478DA5ACB031984 /* Build configuration list for PBXProject "Slip" */;
			developmentRegion = en;
			hasScannedForEncodings = 0;
			knownRegions = (
				Base,
				en,
			);
			mainGroup = 3E96FE3B111717A05952F42E;
			minimizedProjectReferenceProxies = 1;
			preferredProjectObjectVersion = 77;
			productRefGroup = E7161B3A0B90D8438DF8D2BF /* Products */;
			projectDirPath = "";
			projectRoot = "";
			targets = (
				90E8F132BEC9C451FC98140C /* Slip */,
				45D3F0493594B4B18BF193D0 /* SlipShareExtension */,
				218924599EBD4E248862FB66 /* SlipWidgets */,
			);
		};
/* End PBXProject section */

/* Begin PBXResourcesBuildPhase section */
		F6EA1B1CEC26A332012AD74E /* Resources */ = {
			isa = PBXResourcesBuildPhase;
			buildActionMask = 2147483647;
			files = (
				1B6849EA654F4F8CA23D72E9 /* Assets.xcassets in Resources */,
				28D3A49DED56189D1F35747B /* PrivacyInfo.xcprivacy in Resources */,
			);
			runOnlyForDeploymentPostprocessing = 0;
		};
/* End PBXResourcesBuildPhase section */

/* Begin PBXSourcesBuildPhase section */
		5A16E896C6B46360FDC5E756 /* Sources */ = {
			isa = PBXSourcesBuildPhase;
			buildActionMask = 2147483647;
			files = (
				49E1DCE75087F2404EBD065C /* AddToWalletButton.swift in Sources */,
				5C81F5632709A406A7E12826 /* AppModel.swift in Sources */,
				E0A813A61CB042CC05C324D8 /* AuthSession.swift in Sources */,
				6655699D5A806DE33E0B1CCE /* BrandClassifier.swift in Sources */,
				103661A9EFF64605800AD603 /* ZoomcarPassHandler.swift in Sources */,
				6CC4677C8FD04FEEA80DEA08 /* UPIPassHandler.swift in Sources */,
				A3F6A85CA6F44FD7AD5B04B5 /* RedBusPassHandler.swift in Sources */,
				C0305EF21D57480689F2A6D5 /* NammaMetroPassHandler.swift in Sources */,
				35F3AFB341F44C1D9B3606E2 /* IndigoPassHandler.swift in Sources */,
				798B78456B3F4B6BB62E5335 /* IRCTCPassHandler.swift in Sources */,
				D69CA8CE1D7345E2A0B46E02 /* DistrictPassHandler.swift in Sources */,
				95D21B3144794DC18C2324C5 /* DiningPassHandler.swift in Sources */,
				321D39F1827D4D17A1386E82 /* CultPassHandler.swift in Sources */,
				5438C9ABB8C24089A894A586 /* BookMyShowPassHandler.swift in Sources */,
				744A34FA84CA4E36A1B28BE4 /* AirlineHintPassHandler.swift in Sources */,
				0732B750BBF44B6D88D4302B /* AirbnbPassHandler.swift in Sources */,
				1E31223F0C2A4D499186B595 /* BrandPassHandler.swift in Sources */,
				6B1367AE602F49459EBBC49F /* TicketText.swift in Sources */,
				05603735153BE6A86882E8A1 /* BrandConfirmView.swift in Sources */,
				D0B5A407C365AA4C465B7E2D /* BrandFields.swift in Sources */,
				515CCB4E78B8E81D4226EC12 /* ConfirmPassSheet.swift in Sources */,
				BA12F7F9D3C8B34DFC4A0730 /* ContentView.swift in Sources */,
				6CF3826AB8ACF6C5F18F5397 /* CreatePassAppIntent.swift in Sources */,
				CEC3BA9056B7B18B8D39C0E6 /* DashboardView.swift in Sources */,
				9D2E37A70D1BD56C1D8F657A /* LiveScannerView.swift in Sources */,
				C394847F78E40A0549010D04 /* LocationAccess.swift in Sources */,
				8B6E680A0B086CF7F619787F /* LoginView.swift in Sources */,
				AE2B9CF513CDE8AF72CF8D41 /* MarketplaceView.swift in Sources */,
				C6F1D4B660C77FC1D24E7CAA /* Models.swift in Sources */,
				F472D04F866D9E3CDEED062B /* PassAPIClient.swift in Sources */,
				DC72B6751C1641D760921B2C /* PassDetailsView.swift in Sources */,
				2B72ED13E2CE401A83556958 /* WalletPassPreview.swift in Sources */,
				D6FBDA8AF77745DF96732679 /* BrandSelectSheet.swift in Sources */,
				C88302FA76A6F9B5BCDB44D7 /* PassExpiration.swift in Sources */,
				118D95870E522309A706EB9F /* PassGeofenceManager.swift in Sources */,
				BA77E872A153AC3B273D81A3 /* PassIntelligence.swift in Sources */,
				7653FD0633654DD7F96B98C7 /* PassLiveActivityController.swift in Sources */,
				FECBCD2D63B101FEDA3E0867 /* PassVaultStore.swift in Sources */,
				31E008043173D4EF35CBEDBA /* SettingsView.swift in Sources */,
				5AB58843BC21249F8DBD6DEA /* SlipApp.swift in Sources */,
				F94781AF9BC14704827E60DD /* SlipPassActivityAttributes.swift in Sources */,
				FB37B03DFA4C2A20859BCA18 /* SlipTheme.swift in Sources */,
				B07AD6BE9FA10487FA368CBF /* TicketExtractor.swift in Sources */,
				3469C4602E305811B2302C3D /* VaultCrypto.swift in Sources */,
			);
			runOnlyForDeploymentPostprocessing = 0;
		};
		9615B23FCDEA69CCC4F6BF6F /* Sources */ = {
			isa = PBXSourcesBuildPhase;
			buildActionMask = 2147483647;
			files = (
				6630ABE3661774038BC1B018 /* SlipPassActivityAttributes.swift in Sources */,
				0FDFACBB66179912E754C3B4 /* SlipPassLiveActivityWidget.swift in Sources */,
				5419AD28CE0A22BBBAF83B98 /* SlipWidgetsBundle.swift in Sources */,
			);
			runOnlyForDeploymentPostprocessing = 0;
		};
		C3A546E8A981E61C3A2566C7 /* Sources */ = {
			isa = PBXSourcesBuildPhase;
			buildActionMask = 2147483647;
			files = (
				FC626BE1BA8F18EFBAA9BED9 /* BrandClassifier.swift in Sources */,
				AE52D9CF06934AA78B21E416 /* ZoomcarPassHandler.swift in Sources */,
				1BDBF733F693477A8D3758E6 /* UPIPassHandler.swift in Sources */,
				CC0E2B262B1C4ECDB5CE1E8C /* RedBusPassHandler.swift in Sources */,
				7C76F679C9104537BA58D573 /* NammaMetroPassHandler.swift in Sources */,
				98F20D0D9B3F452BB458BC5F /* IndigoPassHandler.swift in Sources */,
				EA6387245EC94944A7528D73 /* IRCTCPassHandler.swift in Sources */,
				3FEB913DEFC340579F3AB534 /* DistrictPassHandler.swift in Sources */,
				632C9D665E9A474990E5C371 /* DiningPassHandler.swift in Sources */,
				102CE536EF3342A19ECCA301 /* CultPassHandler.swift in Sources */,
				1380C6051B55476CB97BC2EF /* BookMyShowPassHandler.swift in Sources */,
				A2C3C8174C554D2DA8B93833 /* AirlineHintPassHandler.swift in Sources */,
				C9B9049724F54876BEFD7EE7 /* AirbnbPassHandler.swift in Sources */,
				31B7FFC5472A41D5A220BAED /* BrandPassHandler.swift in Sources */,
				5C6870547ABE4EDDA3FDB33C /* TicketText.swift in Sources */,
				73F53AD234A515CCEF53D2E1 /* BrandFields.swift in Sources */,
				CC037B5498D3DE35D2815BCE /* Models.swift in Sources */,
				23C2763C8B8337C847564488 /* PassExpiration.swift in Sources */,
				D5FD67DADF8778241937C147 /* PassIntelligence.swift in Sources */,
				59FE3AD20E0D20F2E85397F0 /* ShareViewController.swift in Sources */,
				B195DC49B7D88226C3A959EF /* TicketExtractor.swift in Sources */,
				CCF77D5677B4E51D745B71DB /* VaultCrypto.swift in Sources */,
			);
			runOnlyForDeploymentPostprocessing = 0;
		};
/* End PBXSourcesBuildPhase section */

/* Begin PBXTargetDependency section */
		00C68158AE64CC9422FCADAE /* PBXTargetDependency */ = {
			isa = PBXTargetDependency;
			target = 218924599EBD4E248862FB66 /* SlipWidgets */;
			targetProxy = 30DBA5CA5937356D04B2F28C /* PBXContainerItemProxy */;
		};
		B68C9FD7DB2A2864D4F38863 /* PBXTargetDependency */ = {
			isa = PBXTargetDependency;
			target = 45D3F0493594B4B18BF193D0 /* SlipShareExtension */;
			targetProxy = 470C84A853C1A49634FD3B3C /* PBXContainerItemProxy */;
		};
/* End PBXTargetDependency section */

/* Begin XCBuildConfiguration section */
		556AD85553C7D8669A2D4AC0 /* Debug */ = {
			isa = XCBuildConfiguration;
			buildSettings = {
				ASSETCATALOG_COMPILER_APPICON_NAME = AppIcon;
				CODE_SIGN_ENTITLEMENTS = Slip/Slip.entitlements;
				CODE_SIGN_IDENTITY = "iPhone Developer";
				CODE_SIGN_STYLE = Automatic;
				CURRENT_PROJECT_VERSION = 4;
				DEVELOPMENT_TEAM = 9HSMVVUMVX;
				GENERATE_INFOPLIST_FILE = NO;
				INFOPLIST_FILE = Slip/Info.plist;
				LD_RUNPATH_SEARCH_PATHS = (
					"$(inherited)",
					"@executable_path/Frameworks",
				);
				MARKETING_VERSION = 1.0.0;
				PRODUCT_BUNDLE_IDENTIFIER = com.aeswibon.slip;
				PRODUCT_NAME = Slip;
				SDKROOT = iphoneos;
				SUPPORTS_MACCATALYST = NO;
				TARGETED_DEVICE_FAMILY = 1;
			};
			name = Debug;
		};
		6DFB729520BBD9F099AEC449 /* Debug */ = {
			isa = XCBuildConfiguration;
			buildSettings = {
				ALWAYS_SEARCH_USER_PATHS = NO;
				BASE_SDK = iphoneos;
				CLANG_ANALYZER_NONNULL = YES;
				CLANG_ANALYZER_NUMBER_OBJECT_CONVERSION = YES_AGGRESSIVE;
				CLANG_CXX_LANGUAGE_STANDARD = "gnu++14";
				CLANG_CXX_LIBRARY = "libc++";
				CLANG_ENABLE_MODULES = YES;
				CLANG_ENABLE_OBJC_ARC = YES;
				CLANG_ENABLE_OBJC_WEAK = YES;
				CLANG_WARN_BLOCK_CAPTURE_AUTORELEASING = YES;
				CLANG_WARN_BOOL_CONVERSION = YES;
				CLANG_WARN_COMMA = YES;
				CLANG_WARN_CONSTANT_CONVERSION = YES;
				CLANG_WARN_DEPRECATED_OBJC_IMPLEMENTATIONS = YES;
				CLANG_WARN_DIRECT_OBJC_ISA_USAGE = YES_ERROR;
				CLANG_WARN_DOCUMENTATION_COMMENTS = YES;
				CLANG_WARN_EMPTY_BODY = YES;
				CLANG_WARN_ENUM_CONVERSION = YES;
				CLANG_WARN_INFINITE_RECURSION = YES;
				CLANG_WARN_INT_CONVERSION = YES;
				CLANG_WARN_NON_LITERAL_NULL_CONVERSION = YES;
				CLANG_WARN_OBJC_IMPLICIT_RETAIN_SELF = YES;
				CLANG_WARN_OBJC_LITERAL_CONVERSION = YES;
				CLANG_WARN_OBJC_ROOT_CLASS = YES_ERROR;
				CLANG_WARN_QUOTED_INCLUDE_IN_FRAMEWORK_HEADER = YES;
				CLANG_WARN_RANGE_LOOP_ANALYSIS = YES;
				CLANG_WARN_STRICT_PROTOTYPES = YES;
				CLANG_WARN_SUSPICIOUS_MOVE = YES;
				CLANG_WARN_UNGUARDED_AVAILABILITY = YES_AGGRESSIVE;
				CLANG_WARN_UNREACHABLE_CODE = YES;
				CLANG_WARN__DUPLICATE_METHOD_MATCH = YES;
				CODE_SIGN_STYLE = Automatic;
				COPY_PHASE_STRIP = NO;
				DEBUG_INFORMATION_FORMAT = dwarf;
				DEVELOPMENT_TEAM = 9HSMVVUMVX;
				ENABLE_STRICT_OBJC_MSGSEND = YES;
				ENABLE_TESTABILITY = YES;
				GCC_C_LANGUAGE_STANDARD = gnu11;
				GCC_DYNAMIC_NO_PIC = NO;
				GCC_NO_COMMON_BLOCKS = YES;
				GCC_OPTIMIZATION_LEVEL = 0;
				GCC_PREPROCESSOR_DEFINITIONS = (
					"$(inherited)",
					"DEBUG=1",
				);
				GCC_WARN_64_TO_32_BIT_CONVERSION = YES;
				GCC_WARN_ABOUT_RETURN_TYPE = YES_ERROR;
				GCC_WARN_UNDECLARED_SELECTOR = YES;
				GCC_WARN_UNINITIALIZED_AUTOS = YES_AGGRESSIVE;
				GCC_WARN_UNUSED_FUNCTION = YES;
				GCC_WARN_UNUSED_VARIABLE = YES;
				IPHONEOS_DEPLOYMENT_TARGET = 17.0;
				MTL_ENABLE_DEBUG_INFO = INCLUDE_SOURCE;
				MTL_FAST_MATH = YES;
				ONLY_ACTIVE_ARCH = YES;
				PRODUCT_NAME = "$(TARGET_NAME)";
				SDKROOT = iphoneos;
				SWIFT_ACTIVE_COMPILATION_CONDITIONS = DEBUG;
				SWIFT_OPTIMIZATION_LEVEL = "-Onone";
				SWIFT_VERSION = 5.0;
				TARGETED_DEVICE_FAMILY = 1;
			};
			name = Debug;
		};
		7F40CE6A7AF1D8DA3B484827 /* Debug */ = {
			isa = XCBuildConfiguration;
			buildSettings = {
				CODE_SIGN_ENTITLEMENTS = SlipShareExtension/SlipShareExtension.entitlements;
				CODE_SIGN_STYLE = Automatic;
				CURRENT_PROJECT_VERSION = 4;
				DEVELOPMENT_TEAM = 9HSMVVUMVX;
				GENERATE_INFOPLIST_FILE = NO;
				INFOPLIST_FILE = SlipShareExtension/Info.plist;
				LD_RUNPATH_SEARCH_PATHS = "$(inherited) @executable_path/Frameworks @executable_path/../../Frameworks";
				MARKETING_VERSION = 1.0.0;
				PRODUCT_BUNDLE_IDENTIFIER = com.aeswibon.slip.share;
				PRODUCT_NAME = SlipShareExtension;
				SDKROOT = iphoneos;
				SKIP_INSTALL = YES;
				TARGETED_DEVICE_FAMILY = 1;
			};
			name = Debug;
		};
		8ED2DCD9438C14912BDDE37D /* Release */ = {
			isa = XCBuildConfiguration;
			buildSettings = {
				CODE_SIGN_STYLE = Automatic;
				CURRENT_PROJECT_VERSION = 4;
				DEVELOPMENT_TEAM = 9HSMVVUMVX;
				GENERATE_INFOPLIST_FILE = NO;
				INFOPLIST_FILE = SlipWidgets/Info.plist;
				LD_RUNPATH_SEARCH_PATHS = "$(inherited) @executable_path/Frameworks @executable_path/../../Frameworks";
				MARKETING_VERSION = 1.0.0;
				PRODUCT_BUNDLE_IDENTIFIER = com.aeswibon.slip.widgets;
				PRODUCT_NAME = SlipWidgets;
				SDKROOT = iphoneos;
				SKIP_INSTALL = YES;
				SWIFT_ACTIVE_COMPILATION_CONDITIONS = "$(inherited)";
				TARGETED_DEVICE_FAMILY = 1;
			};
			name = Release;
		};
		992F9E064EC6E1CDF98917D8 /* Debug */ = {
			isa = XCBuildConfiguration;
			buildSettings = {
				CODE_SIGN_STYLE = Automatic;
				CURRENT_PROJECT_VERSION = 4;
				DEVELOPMENT_TEAM = 9HSMVVUMVX;
				GENERATE_INFOPLIST_FILE = NO;
				INFOPLIST_FILE = SlipWidgets/Info.plist;
				LD_RUNPATH_SEARCH_PATHS = "$(inherited) @executable_path/Frameworks @executable_path/../../Frameworks";
				MARKETING_VERSION = 1.0.0;
				PRODUCT_BUNDLE_IDENTIFIER = com.aeswibon.slip.widgets;
				PRODUCT_NAME = SlipWidgets;
				SDKROOT = iphoneos;
				SKIP_INSTALL = YES;
				SWIFT_ACTIVE_COMPILATION_CONDITIONS = "$(inherited)";
				TARGETED_DEVICE_FAMILY = 1;
			};
			name = Debug;
		};
		BC35A22228047C1E491389DE /* Release */ = {
			isa = XCBuildConfiguration;
			buildSettings = {
				ASSETCATALOG_COMPILER_APPICON_NAME = AppIcon;
				CODE_SIGN_ENTITLEMENTS = Slip/Slip.entitlements;
				CODE_SIGN_IDENTITY = "iPhone Developer";
				CODE_SIGN_STYLE = Automatic;
				CURRENT_PROJECT_VERSION = 4;
				DEVELOPMENT_TEAM = 9HSMVVUMVX;
				GENERATE_INFOPLIST_FILE = NO;
				INFOPLIST_FILE = Slip/Info.plist;
				LD_RUNPATH_SEARCH_PATHS = (
					"$(inherited)",
					"@executable_path/Frameworks",
				);
				MARKETING_VERSION = 1.0.0;
				PRODUCT_BUNDLE_IDENTIFIER = com.aeswibon.slip;
				PRODUCT_NAME = Slip;
				SDKROOT = iphoneos;
				SUPPORTS_MACCATALYST = NO;
				TARGETED_DEVICE_FAMILY = 1;
			};
			name = Release;
		};
		D8F25CD9F1ACA686BA0971F1 /* Release */ = {
			isa = XCBuildConfiguration;
			buildSettings = {
				CODE_SIGN_ENTITLEMENTS = SlipShareExtension/SlipShareExtension.entitlements;
				CODE_SIGN_STYLE = Automatic;
				CURRENT_PROJECT_VERSION = 4;
				DEVELOPMENT_TEAM = 9HSMVVUMVX;
				GENERATE_INFOPLIST_FILE = NO;
				INFOPLIST_FILE = SlipShareExtension/Info.plist;
				LD_RUNPATH_SEARCH_PATHS = "$(inherited) @executable_path/Frameworks @executable_path/../../Frameworks";
				MARKETING_VERSION = 1.0.0;
				PRODUCT_BUNDLE_IDENTIFIER = com.aeswibon.slip.share;
				PRODUCT_NAME = SlipShareExtension;
				SDKROOT = iphoneos;
				SKIP_INSTALL = YES;
				TARGETED_DEVICE_FAMILY = 1;
			};
			name = Release;
		};
		EDAC72736F4A9613EFF2F620 /* Release */ = {
			isa = XCBuildConfiguration;
			buildSettings = {
				ALWAYS_SEARCH_USER_PATHS = NO;
				BASE_SDK = iphoneos;
				CLANG_ANALYZER_NONNULL = YES;
				CLANG_ANALYZER_NUMBER_OBJECT_CONVERSION = YES_AGGRESSIVE;
				CLANG_CXX_LANGUAGE_STANDARD = "gnu++14";
				CLANG_CXX_LIBRARY = "libc++";
				CLANG_ENABLE_MODULES = YES;
				CLANG_ENABLE_OBJC_ARC = YES;
				CLANG_ENABLE_OBJC_WEAK = YES;
				CLANG_WARN_BLOCK_CAPTURE_AUTORELEASING = YES;
				CLANG_WARN_BOOL_CONVERSION = YES;
				CLANG_WARN_COMMA = YES;
				CLANG_WARN_CONSTANT_CONVERSION = YES;
				CLANG_WARN_DEPRECATED_OBJC_IMPLEMENTATIONS = YES;
				CLANG_WARN_DIRECT_OBJC_ISA_USAGE = YES_ERROR;
				CLANG_WARN_DOCUMENTATION_COMMENTS = YES;
				CLANG_WARN_EMPTY_BODY = YES;
				CLANG_WARN_ENUM_CONVERSION = YES;
				CLANG_WARN_INFINITE_RECURSION = YES;
				CLANG_WARN_INT_CONVERSION = YES;
				CLANG_WARN_NON_LITERAL_NULL_CONVERSION = YES;
				CLANG_WARN_OBJC_IMPLICIT_RETAIN_SELF = YES;
				CLANG_WARN_OBJC_LITERAL_CONVERSION = YES;
				CLANG_WARN_OBJC_ROOT_CLASS = YES_ERROR;
				CLANG_WARN_QUOTED_INCLUDE_IN_FRAMEWORK_HEADER = YES;
				CLANG_WARN_RANGE_LOOP_ANALYSIS = YES;
				CLANG_WARN_STRICT_PROTOTYPES = YES;
				CLANG_WARN_SUSPICIOUS_MOVE = YES;
				CLANG_WARN_UNGUARDED_AVAILABILITY = YES_AGGRESSIVE;
				CLANG_WARN_UNREACHABLE_CODE = YES;
				CLANG_WARN__DUPLICATE_METHOD_MATCH = YES;
				CODE_SIGN_STYLE = Automatic;
				COPY_PHASE_STRIP = NO;
				DEBUG_INFORMATION_FORMAT = "dwarf-with-dsym";
				DEVELOPMENT_TEAM = 9HSMVVUMVX;
				ENABLE_NS_ASSERTIONS = NO;
				ENABLE_STRICT_OBJC_MSGSEND = YES;
				GCC_C_LANGUAGE_STANDARD = gnu11;
				GCC_NO_COMMON_BLOCKS = YES;
				GCC_WARN_64_TO_32_BIT_CONVERSION = YES;
				GCC_WARN_ABOUT_RETURN_TYPE = YES_ERROR;
				GCC_WARN_UNDECLARED_SELECTOR = YES;
				GCC_WARN_UNINITIALIZED_AUTOS = YES_AGGRESSIVE;
				GCC_WARN_UNUSED_FUNCTION = YES;
				GCC_WARN_UNUSED_VARIABLE = YES;
				IPHONEOS_DEPLOYMENT_TARGET = 17.0;
				MTL_ENABLE_DEBUG_INFO = NO;
				MTL_FAST_MATH = YES;
				PRODUCT_NAME = "$(TARGET_NAME)";
				SDKROOT = iphoneos;
				SWIFT_COMPILATION_MODE = wholemodule;
				SWIFT_OPTIMIZATION_LEVEL = "-O";
				SWIFT_VERSION = 5.0;
				TARGETED_DEVICE_FAMILY = 1;
			};
			name = Release;
		};
/* End XCBuildConfiguration section */

/* Begin XCConfigurationList section */
		10F0F9B4A0A8F05CA05CD9E5 /* Build configuration list for PBXNativeTarget "SlipWidgets" */ = {
			isa = XCConfigurationList;
			buildConfigurations = (
				992F9E064EC6E1CDF98917D8 /* Debug */,
				8ED2DCD9438C14912BDDE37D /* Release */,
			);
			defaultConfigurationIsVisible = 0;
			defaultConfigurationName = Debug;
		};
		A74054958591834E1D9CAD16 /* Build configuration list for PBXNativeTarget "Slip" */ = {
			isa = XCConfigurationList;
			buildConfigurations = (
				556AD85553C7D8669A2D4AC0 /* Debug */,
				BC35A22228047C1E491389DE /* Release */,
			);
			defaultConfigurationIsVisible = 0;
			defaultConfigurationName = Debug;
		};
		F65C0A3032F85C12BD9BB716 /* Build configuration list for PBXNativeTarget "SlipShareExtension" */ = {
			isa = XCConfigurationList;
			buildConfigurations = (
				7F40CE6A7AF1D8DA3B484827 /* Debug */,
				D8F25CD9F1ACA686BA0971F1 /* Release */,
			);
			defaultConfigurationIsVisible = 0;
			defaultConfigurationName = Debug;
		};
		F8756B103478DA5ACB031984 /* Build configuration list for PBXProject "Slip" */ = {
			isa = XCConfigurationList;
			buildConfigurations = (
				6DFB729520BBD9F099AEC449 /* Debug */,
				EDAC72736F4A9613EFF2F620 /* Release */,
			);
			defaultConfigurationIsVisible = 0;
			defaultConfigurationName = Debug;
		};
/* End XCConfigurationList section */
	};
	rootObject = 61C076D643A84C32D1B91F12 /* Project object */;
}
