// !$*UTF8*$!
{
	archiveVersion = 1;
	classes = {
	};
	objectVersion = 77;
	objects = {

/* Begin PBXBuildFile section */
		05603735153BE6A86882E8A1 /* BrandConfirmView.swift in Sources */ = {isa = PBXBuildFile; fileRef = C47E6C51FBDA2E51346E560B /* BrandConfirmView.swift */; };
		1B6849EA654F4F8CA23D72E9 /* Assets.xcassets in Resources */ = {isa = PBXBuildFile; fileRef = 2EC03091146138679A40E07D /* Assets.xcassets */; };
		201CE9229718C9CB912FFD14 /* SlipLogo.svg in Resources */ = {isa = PBXBuildFile; fileRef = A7054524AB19D7995A58796D /* SlipLogo.svg */; };
		2450259A2F21741CCB88C1C6 /* SlipShareExtension.appex in Embed Foundation Extensions */ = {isa = PBXBuildFile; fileRef = 8C3937E9EB7CCBCB5E3104F4 /* SlipShareExtension.appex */; settings = {ATTRIBUTES = (RemoveHeadersOnCopy, ); }; };
		28D3A49DED56189D1F35747B /* PrivacyInfo.xcprivacy in Resources */ = {isa = PBXBuildFile; fileRef = 526E9EDFA55AB39844FB95EF /* PrivacyInfo.xcprivacy */; };
		31E008043173D4EF35CBEDBA /* SettingsView.swift in Sources */ = {isa = PBXBuildFile; fileRef = 6E61E78F71468FD9BF3088AF /* SettingsView.swift */; };
		3469C4602E305811B2302C3D /* VaultCrypto.swift in Sources */ = {isa = PBXBuildFile; fileRef = 838354E90A64A84D0180F3CC /* VaultCrypto.swift */; };
		49E1DCE75087F2404EBD065C /* AddToWalletButton.swift in Sources */ = {isa = PBXBuildFile; fileRef = A2697BE4629C91B6EC6EE571 /* AddToWalletButton.swift */; };
		515CCB4E78B8E81D4226EC12 /* ConfirmPassSheet.swift in Sources */ = {isa = PBXBuildFile; fileRef = DDB9B3A8040F408AF8D5C5AC /* ConfirmPassSheet.swift */; };
		59FE3AD20E0D20F2E85397F0 /* ShareViewController.swift in Sources */ = {isa = PBXBuildFile; fileRef = 665FFAD7FD2A2464888AFA54 /* ShareViewController.swift */; };
		5AB58843BC21249F8DBD6DEA /* SlipApp.swift in Sources */ = {isa = PBXBuildFile; fileRef = 17BBA75578DBF6F2AEE57DE8 /* SlipApp.swift */; };
		5C81F5632709A406A7E12826 /* AppModel.swift in Sources */ = {isa = PBXBuildFile; fileRef = F3C1C88D660F7DCF3E6687E1 /* AppModel.swift */; };
		6655699D5A806DE33E0B1CCE /* BrandClassifier.swift in Sources */ = {isa = PBXBuildFile; fileRef = B263CA7CA030BB7E28D19E65 /* BrandClassifier.swift */; };
		6CF3826AB8ACF6C5F18F5397 /* CreatePassAppIntent.swift in Sources */ = {isa = PBXBuildFile; fileRef = 69CA5DE032603667DFEBD79C /* CreatePassAppIntent.swift */; };
		9D2E37A70D1BD56C1D8F657A /* LiveScannerView.swift in Sources */ = {isa = PBXBuildFile; fileRef = C5F6E9136DF864C9BE8962E9 /* LiveScannerView.swift */; };
		AE2B9CF513CDE8AF72CF8D41 /* MarketplaceView.swift in Sources */ = {isa = PBXBuildFile; fileRef = 08D1C2797F48F9C26B2AAA5C /* MarketplaceView.swift */; };
		B07AD6BE9FA10487FA368CBF /* TicketExtractor.swift in Sources */ = {isa = PBXBuildFile; fileRef = 3D621D1E5C43A65B0124382B /* TicketExtractor.swift */; };
		B195DC49B7D88226C3A959EF /* TicketExtractor.swift in Sources */ = {isa = PBXBuildFile; fileRef = 3D621D1E5C43A65B0124382B /* TicketExtractor.swift */; };
		BA12F7F9D3C8B34DFC4A0730 /* ContentView.swift in Sources */ = {isa = PBXBuildFile; fileRef = C27CD80C407F877B0A7E2B75 /* ContentView.swift */; };
		BA77E872A153AC3B273D81A3 /* PassIntelligence.swift in Sources */ = {isa = PBXBuildFile; fileRef = EC254EF101ED57713178447A /* PassIntelligence.swift */; };
		C6F1D4B660C77FC1D24E7CAA /* Models.swift in Sources */ = {isa = PBXBuildFile; fileRef = C8B8ABD081C5146E022BBD92 /* Models.swift */; };
		CC037B5498D3DE35D2815BCE /* Models.swift in Sources */ = {isa = PBXBuildFile; fileRef = C8B8ABD081C5146E022BBD92 /* Models.swift */; };
		CCF77D5677B4E51D745B71DB /* VaultCrypto.swift in Sources */ = {isa = PBXBuildFile; fileRef = 838354E90A64A84D0180F3CC /* VaultCrypto.swift */; };
		CEC3BA9056B7B18B8D39C0E6 /* DashboardView.swift in Sources */ = {isa = PBXBuildFile; fileRef = 1DCCCCD09D45675AC2E04EC2 /* DashboardView.swift */; };
		D5FD67DADF8778241937C147 /* PassIntelligence.swift in Sources */ = {isa = PBXBuildFile; fileRef = EC254EF101ED57713178447A /* PassIntelligence.swift */; };
		DC72B6751C1641D760921B2C /* PassDetailsView.swift in Sources */ = {isa = PBXBuildFile; fileRef = 965ADBF54701435DE6EF84B4 /* PassDetailsView.swift */; };
		F472D04F866D9E3CDEED062B /* PassAPIClient.swift in Sources */ = {isa = PBXBuildFile; fileRef = DB2C529080055CAEF318AC1E /* PassAPIClient.swift */; };
		FB37B03DFA4C2A20859BCA18 /* SlipTheme.swift in Sources */ = {isa = PBXBuildFile; fileRef = 0783491530619C761F358A92 /* SlipTheme.swift */; };
		FC626BE1BA8F18EFBAA9BED9 /* BrandClassifier.swift in Sources */ = {isa = PBXBuildFile; fileRef = B263CA7CA030BB7E28D19E65 /* BrandClassifier.swift */; };
		FECBCD2D63B101FEDA3E0867 /* PassVaultStore.swift in Sources */ = {isa = PBXBuildFile; fileRef = 946D52FF5E6AC40078C71BDA /* PassVaultStore.swift */; };
/* End PBXBuildFile section */

/* Begin PBXContainerItemProxy section */
		470C84A853C1A49634FD3B3C /* PBXContainerItemProxy */ = {
			isa = PBXContainerItemProxy;
			containerPortal = 61C076D643A84C32D1B91F12 /* Project object */;
			proxyType = 1;
			remoteGlobalIDString = 45D3F0493594B4B18BF193D0;
			remoteInfo = SlipShareExtension;
		};
/* End PBXContainerItemProxy section */

/* Begin PBXCopyFilesBuildPhase section */
		D7E93DBB1401BB7DBF9B9963 /* Embed Foundation Extensions */ = {
			isa = PBXCopyFilesBuildPhase;
			buildActionMask = 2147483647;
			dstPath = "";
			dstSubfolderSpec = 13;
			files = (
				2450259A2F21741CCB88C1C6 /* SlipShareExtension.appex in Embed Foundation Extensions */,
			);
			name = "Embed Foundation Extensions";
			runOnlyForDeploymentPostprocessing = 0;
		};
/* End PBXCopyFilesBuildPhase section */

/* Begin PBXFileReference section */
		0783491530619C761F358A92 /* SlipTheme.swift */ = {isa = PBXFileReference; lastKnownFileType = sourcecode.swift; path = SlipTheme.swift; sourceTree = "<group>"; };
		08D1C2797F48F9C26B2AAA5C /* MarketplaceView.swift */ = {isa = PBXFileReference; lastKnownFileType = sourcecode.swift; path = MarketplaceView.swift; sourceTree = "<group>"; };
		17BBA75578DBF6F2AEE57DE8 /* SlipApp.swift */ = {isa = PBXFileReference; lastKnownFileType = sourcecode.swift; path = SlipApp.swift; sourceTree = "<group>"; };
		1DCCCCD09D45675AC2E04EC2 /* DashboardView.swift */ = {isa = PBXFileReference; lastKnownFileType = sourcecode.swift; path = DashboardView.swift; sourceTree = "<group>"; };
		2EC03091146138679A40E07D /* Assets.xcassets */ = {isa = PBXFileReference; lastKnownFileType = folder.assetcatalog; path = Assets.xcassets; sourceTree = "<group>"; };
		3D621D1E5C43A65B0124382B /* TicketExtractor.swift */ = {isa = PBXFileReference; lastKnownFileType = sourcecode.swift; path = TicketExtractor.swift; sourceTree = "<group>"; };
		4564222B5D2D431FAB5BA55E /* Info.plist */ = {isa = PBXFileReference; lastKnownFileType = text.plist; path = Info.plist; sourceTree = "<group>"; };
		526E9EDFA55AB39844FB95EF /* PrivacyInfo.xcprivacy */ = {isa = PBXFileReference; path = PrivacyInfo.xcprivacy; sourceTree = "<group>"; };
		665FFAD7FD2A2464888AFA54 /* ShareViewController.swift */ = {isa = PBXFileReference; lastKnownFileType = sourcecode.swift; path = ShareViewController.swift; sourceTree = "<group>"; };
		69CA5DE032603667DFEBD79C /* CreatePassAppIntent.swift */ = {isa = PBXFileReference; lastKnownFileType = sourcecode.swift; path = CreatePassAppIntent.swift; sourceTree = "<group>"; };
		6E61E78F71468FD9BF3088AF /* SettingsView.swift */ = {isa = PBXFileReference; lastKnownFileType = sourcecode.swift; path = SettingsView.swift; sourceTree = "<group>"; };
		7062E51BFDA810ADEC391AA3 /* Slip.app */ = {isa = PBXFileReference; includeInIndex = 0; lastKnownFileType = wrapper.application; path = Slip.app; sourceTree = BUILT_PRODUCTS_DIR; };
		838354E90A64A84D0180F3CC /* VaultCrypto.swift */ = {isa = PBXFileReference; lastKnownFileType = sourcecode.swift; path = VaultCrypto.swift; sourceTree = "<group>"; };
		8C3937E9EB7CCBCB5E3104F4 /* SlipShareExtension.appex */ = {isa = PBXFileReference; includeInIndex = 0; lastKnownFileType = "wrapper.app-extension"; path = SlipShareExtension.appex; sourceTree = BUILT_PRODUCTS_DIR; };
		946D52FF5E6AC40078C71BDA /* PassVaultStore.swift */ = {isa = PBXFileReference; lastKnownFileType = sourcecode.swift; path = PassVaultStore.swift; sourceTree = "<group>"; };
		965ADBF54701435DE6EF84B4 /* PassDetailsView.swift */ = {isa = PBXFileReference; lastKnownFileType = sourcecode.swift; path = PassDetailsView.swift; sourceTree = "<group>"; };
		9ADF376FEA8CA772D0EBD806 /* Info.plist */ = {isa = PBXFileReference; lastKnownFileType = text.plist; path = Info.plist; sourceTree = "<group>"; };
		A19E44B5EBEAAB8E976B96D1 /* SlipShareExtension.entitlements */ = {isa = PBXFileReference; lastKnownFileType = text.plist.entitlements; path = SlipShareExtension.entitlements; sourceTree = "<group>"; };
		A2697BE4629C91B6EC6EE571 /* AddToWalletButton.swift */ = {isa = PBXFileReference; lastKnownFileType = sourcecode.swift; path = AddToWalletButton.swift; sourceTree = "<group>"; };
		A7054524AB19D7995A58796D /* SlipLogo.svg */ = {isa = PBXFileReference; path = SlipLogo.svg; sourceTree = "<group>"; };
		A8A1913386BDCCF6EE9FE503 /* Slip.entitlements */ = {isa = PBXFileReference; lastKnownFileType = text.plist.entitlements; path = Slip.entitlements; sourceTree = "<group>"; };
		B263CA7CA030BB7E28D19E65 /* BrandClassifier.swift */ = {isa = PBXFileReference; lastKnownFileType = sourcecode.swift; path = BrandClassifier.swift; sourceTree = "<group>"; };
		C27CD80C407F877B0A7E2B75 /* ContentView.swift */ = {isa = PBXFileReference; lastKnownFileType = sourcecode.swift; path = ContentView.swift; sourceTree = "<group>"; };
		C47E6C51FBDA2E51346E560B /* BrandConfirmView.swift */ = {isa = PBXFileReference; lastKnownFileType = sourcecode.swift; path = BrandConfirmView.swift; sourceTree = "<group>"; };
		C5F6E9136DF864C9BE8962E9 /* LiveScannerView.swift */ = {isa = PBXFileReference; lastKnownFileType = sourcecode.swift; path = LiveScannerView.swift; sourceTree = "<group>"; };
		C8B8ABD081C5146E022BBD92 /* Models.swift */ = {isa = PBXFileReference; lastKnownFileType = sourcecode.swift; path = Models.swift; sourceTree = "<group>"; };
		DB2C529080055CAEF318AC1E /* PassAPIClient.swift */ = {isa = PBXFileReference; lastKnownFileType = sourcecode.swift; path = PassAPIClient.swift; sourceTree = "<group>"; };
		DDB9B3A8040F408AF8D5C5AC /* ConfirmPassSheet.swift */ = {isa = PBXFileReference; lastKnownFileType = sourcecode.swift; path = ConfirmPassSheet.swift; sourceTree = "<group>"; };
		EC254EF101ED57713178447A /* PassIntelligence.swift */ = {isa = PBXFileReference; lastKnownFileType = sourcecode.swift; path = PassIntelligence.swift; sourceTree = "<group>"; };
		F3C1C88D660F7DCF3E6687E1 /* AppModel.swift */ = {isa = PBXFileReference; lastKnownFileType = sourcecode.swift; path = AppModel.swift; sourceTree = "<group>"; };
/* End PBXFileReference section */

/* Begin PBXGroup section */
		3E96FE3B111717A05952F42E = {
			isa = PBXGroup;
			children = (
				CF877F8ABF8469D02942E9C2 /* Slip */,
				71F3FC9A405A26BBEFCE1ED3 /* SlipShared */,
				6B0226088AD0F91B9FB91FB1 /* SlipShareExtension */,
				E7161B3A0B90D8438DF8D2BF /* Products */,
			);
			sourceTree = "<group>";
		};
		6B0226088AD0F91B9FB91FB1 /* SlipShareExtension */ = {
			isa = PBXGroup;
			children = (
				9ADF376FEA8CA772D0EBD806 /* Info.plist */,
				665FFAD7FD2A2464888AFA54 /* ShareViewController.swift */,
				A19E44B5EBEAAB8E976B96D1 /* SlipShareExtension.entitlements */,
			);
			path = SlipShareExtension;
			sourceTree = "<group>";
		};
		71F3FC9A405A26BBEFCE1ED3 /* SlipShared */ = {
			isa = PBXGroup;
			children = (
				B263CA7CA030BB7E28D19E65 /* BrandClassifier.swift */,
				C8B8ABD081C5146E022BBD92 /* Models.swift */,
				EC254EF101ED57713178447A /* PassIntelligence.swift */,
				3D621D1E5C43A65B0124382B /* TicketExtractor.swift */,
				838354E90A64A84D0180F3CC /* VaultCrypto.swift */,
			);
			path = SlipShared;
			sourceTree = "<group>";
		};
		CF877F8ABF8469D02942E9C2 /* Slip */ = {
			isa = PBXGroup;
			children = (
				F6F60A4757ADBE3E0F20ED43 /* Resources */,
				A2697BE4629C91B6EC6EE571 /* AddToWalletButton.swift */,
				F3C1C88D660F7DCF3E6687E1 /* AppModel.swift */,
				2EC03091146138679A40E07D /* Assets.xcassets */,
				C47E6C51FBDA2E51346E560B /* BrandConfirmView.swift */,
				DDB9B3A8040F408AF8D5C5AC /* ConfirmPassSheet.swift */,
				C27CD80C407F877B0A7E2B75 /* ContentView.swift */,
				69CA5DE032603667DFEBD79C /* CreatePassAppIntent.swift */,
				1DCCCCD09D45675AC2E04EC2 /* DashboardView.swift */,
				4564222B5D2D431FAB5BA55E /* Info.plist */,
				C5F6E9136DF864C9BE8962E9 /* LiveScannerView.swift */,
				08D1C2797F48F9C26B2AAA5C /* MarketplaceView.swift */,
				DB2C529080055CAEF318AC1E /* PassAPIClient.swift */,
				965ADBF54701435DE6EF84B4 /* PassDetailsView.swift */,
				946D52FF5E6AC40078C71BDA /* PassVaultStore.swift */,
				526E9EDFA55AB39844FB95EF /* PrivacyInfo.xcprivacy */,
				6E61E78F71468FD9BF3088AF /* SettingsView.swift */,
				A8A1913386BDCCF6EE9FE503 /* Slip.entitlements */,
				17BBA75578DBF6F2AEE57DE8 /* SlipApp.swift */,
				0783491530619C761F358A92 /* SlipTheme.swift */,
			);
			path = Slip;
			sourceTree = "<group>";
		};
		E7161B3A0B90D8438DF8D2BF /* Products */ = {
			isa = PBXGroup;
			children = (
				7062E51BFDA810ADEC391AA3 /* Slip.app */,
				8C3937E9EB7CCBCB5E3104F4 /* SlipShareExtension.appex */,
			);
			name = Products;
			sourceTree = "<group>";
		};
		F6F60A4757ADBE3E0F20ED43 /* Resources */ = {
			isa = PBXGroup;
			children = (
				A7054524AB19D7995A58796D /* SlipLogo.svg */,
			);
			path = Resources;
			sourceTree = "<group>";
		};
/* End PBXGroup section */

/* Begin PBXNativeTarget section */
		45D3F0493594B4B18BF193D0 /* SlipShareExtension */ = {
			isa = PBXNativeTarget;
			buildConfigurationList = F65C0A3032F85C12BD9BB716 /* Build configuration list for PBXNativeTarget "SlipShareExtension" */;
			buildPhases = (
				C3A546E8A981E61C3A2566C7 /* Sources */,
			);
			buildRules = (
			);
			dependencies = (
			);
			name = SlipShareExtension;
			packageProductDependencies = (
			);
			productName = SlipShareExtension;
			productReference = 8C3937E9EB7CCBCB5E3104F4 /* SlipShareExtension.appex */;
			productType = "com.apple.product-type.app-extension";
		};
		90E8F132BEC9C451FC98140C /* Slip */ = {
			isa = PBXNativeTarget;
			buildConfigurationList = A74054958591834E1D9CAD16 /* Build configuration list for PBXNativeTarget "Slip" */;
			buildPhases = (
				5A16E896C6B46360FDC5E756 /* Sources */,
				F6EA1B1CEC26A332012AD74E /* Resources */,
				D7E93DBB1401BB7DBF9B9963 /* Embed Foundation Extensions */,
			);
			buildRules = (
			);
			dependencies = (
				B68C9FD7DB2A2864D4F38863 /* PBXTargetDependency */,
			);
			name = Slip;
			packageProductDependencies = (
			);
			productName = Slip;
			productReference = 7062E51BFDA810ADEC391AA3 /* Slip.app */;
			productType = "com.apple.product-type.application";
		};
/* End PBXNativeTarget section */

/* Begin PBXProject section */
		61C076D643A84C32D1B91F12 /* Project object */ = {
			isa = PBXProject;
			attributes = {
				BuildIndependentTargetsInParallel = YES;
				LastUpgradeCheck = 1430;
				TargetAttributes = {
					45D3F0493594B4B18BF193D0 = {
						DevelopmentTeam = 9HSMVVUMVX;
						ProvisioningStyle = Automatic;
					};
					90E8F132BEC9C451FC98140C = {
						DevelopmentTeam = 9HSMVVUMVX;
						ProvisioningStyle = Automatic;
					};
				};
			};
			buildConfigurationList = F8756B103478DA5ACB031984 /* Build configuration list for PBXProject "Slip" */;
			developmentRegion = en;
			hasScannedForEncodings = 0;
			knownRegions = (
				Base,
				en,
			);
			mainGroup = 3E96FE3B111717A05952F42E;
			minimizedProjectReferenceProxies = 1;
			preferredProjectObjectVersion = 77;
			productRefGroup = E7161B3A0B90D8438DF8D2BF /* Products */;
			projectDirPath = "";
			projectRoot = "";
			targets = (
				90E8F132BEC9C451FC98140C /* Slip */,
				45D3F0493594B4B18BF193D0 /* SlipShareExtension */,
			);
		};
/* End PBXProject section */

/* Begin PBXResourcesBuildPhase section */
		F6EA1B1CEC26A332012AD74E /* Resources */ = {
			isa = PBXResourcesBuildPhase;
			buildActionMask = 2147483647;
			files = (
				1B6849EA654F4F8CA23D72E9 /* Assets.xcassets in Resources */,
				28D3A49DED56189D1F35747B /* PrivacyInfo.xcprivacy in Resources */,
				201CE9229718C9CB912FFD14 /* SlipLogo.svg in Resources */,
			);
			runOnlyForDeploymentPostprocessing = 0;
		};
/* End PBXResourcesBuildPhase section */

/* Begin PBXSourcesBuildPhase section */
		5A16E896C6B46360FDC5E756 /* Sources */ = {
			isa = PBXSourcesBuildPhase;
			buildActionMask = 2147483647;
			files = (
				49E1DCE75087F2404EBD065C /* AddToWalletButton.swift in Sources */,
				5C81F5632709A406A7E12826 /* AppModel.swift in Sources */,
				6655699D5A806DE33E0B1CCE /* BrandClassifier.swift in Sources */,
				05603735153BE6A86882E8A1 /* BrandConfirmView.swift in Sources */,
				515CCB4E78B8E81D4226EC12 /* ConfirmPassSheet.swift in Sources */,
				BA12F7F9D3C8B34DFC4A0730 /* ContentView.swift in Sources */,
				6CF3826AB8ACF6C5F18F5397 /* CreatePassAppIntent.swift in Sources */,
				CEC3BA9056B7B18B8D39C0E6 /* DashboardView.swift in Sources */,
				9D2E37A70D1BD56C1D8F657A /* LiveScannerView.swift in Sources */,
				AE2B9CF513CDE8AF72CF8D41 /* MarketplaceView.swift in Sources */,
				C6F1D4B660C77FC1D24E7CAA /* Models.swift in Sources */,
				F472D04F866D9E3CDEED062B /* PassAPIClient.swift in Sources */,
				DC72B6751C1641D760921B2C /* PassDetailsView.swift in Sources */,
				BA77E872A153AC3B273D81A3 /* PassIntelligence.swift in Sources */,
				FECBCD2D63B101FEDA3E0867 /* PassVaultStore.swift in Sources */,
				31E008043173D4EF35CBEDBA /* SettingsView.swift in Sources */,
				5AB58843BC21249F8DBD6DEA /* SlipApp.swift in Sources */,
				FB37B03DFA4C2A20859BCA18 /* SlipTheme.swift in Sources */,
				B07AD6BE9FA10487FA368CBF /* TicketExtractor.swift in Sources */,
				3469C4602E305811B2302C3D /* VaultCrypto.swift in Sources */,
			);
			runOnlyForDeploymentPostprocessing = 0;
		};
		C3A546E8A981E61C3A2566C7 /* Sources */ = {
			isa = PBXSourcesBuildPhase;
			buildActionMask = 2147483647;
			files = (
				FC626BE1BA8F18EFBAA9BED9 /* BrandClassifier.swift in Sources */,
				CC037B5498D3DE35D2815BCE /* Models.swift in Sources */,
				D5FD67DADF8778241937C147 /* PassIntelligence.swift in Sources */,
				59FE3AD20E0D20F2E85397F0 /* ShareViewController.swift in Sources */,
				B195DC49B7D88226C3A959EF /* TicketExtractor.swift in Sources */,
				CCF77D5677B4E51D745B71DB /* VaultCrypto.swift in Sources */,
			);
			runOnlyForDeploymentPostprocessing = 0;
		};
/* End PBXSourcesBuildPhase section */

/* Begin PBXTargetDependency section */
		B68C9FD7DB2A2864D4F38863 /* PBXTargetDependency */ = {
			isa = PBXTargetDependency;
			target = 45D3F0493594B4B18BF193D0 /* SlipShareExtension */;
			targetProxy = 470C84A853C1A49634FD3B3C /* PBXContainerItemProxy */;
		};
/* End PBXTargetDependency section */

/* Begin XCBuildConfiguration section */
		556AD85553C7D8669A2D4AC0 /* Debug */ = {
			isa = XCBuildConfiguration;
			buildSettings = {
				ASSETCATALOG_COMPILER_APPICON_NAME = AppIcon;
				CODE_SIGN_ENTITLEMENTS = Slip/Slip.entitlements;
				CODE_SIGN_IDENTITY = "iPhone Developer";
				CODE_SIGN_STYLE = Automatic;
				CURRENT_PROJECT_VERSION = 2;
				DEVELOPMENT_TEAM = 9HSMVVUMVX;
				GENERATE_INFOPLIST_FILE = NO;
				INFOPLIST_FILE = Slip/Info.plist;
				LD_RUNPATH_SEARCH_PATHS = (
					"$(inherited)",
					"@executable_path/Frameworks",
				);
				MARKETING_VERSION = 1.0.0;
				PRODUCT_BUNDLE_IDENTIFIER = com.aeswibon.slip;
				PRODUCT_NAME = Slip;
				SDKROOT = iphoneos;
				SUPPORTS_MACCATALYST = NO;
				TARGETED_DEVICE_FAMILY = 1;
			};
			name = Debug;
		};
		6DFB729520BBD9F099AEC449 /* Debug */ = {
			isa = XCBuildConfiguration;
			buildSettings = {
				ALWAYS_SEARCH_USER_PATHS = NO;
				BASE_SDK = iphoneos;
				CLANG_ANALYZER_NONNULL = YES;
				CLANG_ANALYZER_NUMBER_OBJECT_CONVERSION = YES_AGGRESSIVE;
				CLANG_CXX_LANGUAGE_STANDARD = "gnu++14";
				CLANG_CXX_LIBRARY = "libc++";
				CLANG_ENABLE_MODULES = YES;
				CLANG_ENABLE_OBJC_ARC = YES;
				CLANG_ENABLE_OBJC_WEAK = YES;
				CLANG_WARN_BLOCK_CAPTURE_AUTORELEASING = YES;
				CLANG_WARN_BOOL_CONVERSION = YES;
				CLANG_WARN_COMMA = YES;
				CLANG_WARN_CONSTANT_CONVERSION = YES;
				CLANG_WARN_DEPRECATED_OBJC_IMPLEMENTATIONS = YES;
				CLANG_WARN_DIRECT_OBJC_ISA_USAGE = YES_ERROR;
				CLANG_WARN_DOCUMENTATION_COMMENTS = YES;
				CLANG_WARN_EMPTY_BODY = YES;
				CLANG_WARN_ENUM_CONVERSION = YES;
				CLANG_WARN_INFINITE_RECURSION = YES;
				CLANG_WARN_INT_CONVERSION = YES;
				CLANG_WARN_NON_LITERAL_NULL_CONVERSION = YES;
				CLANG_WARN_OBJC_IMPLICIT_RETAIN_SELF = YES;
				CLANG_WARN_OBJC_LITERAL_CONVERSION = YES;
				CLANG_WARN_OBJC_ROOT_CLASS = YES_ERROR;
				CLANG_WARN_QUOTED_INCLUDE_IN_FRAMEWORK_HEADER = YES;
				CLANG_WARN_RANGE_LOOP_ANALYSIS = YES;
				CLANG_WARN_STRICT_PROTOTYPES = YES;
				CLANG_WARN_SUSPICIOUS_MOVE = YES;
				CLANG_WARN_UNGUARDED_AVAILABILITY = YES_AGGRESSIVE;
				CLANG_WARN_UNREACHABLE_CODE = YES;
				CLANG_WARN__DUPLICATE_METHOD_MATCH = YES;
				CODE_SIGN_STYLE = Automatic;
				COPY_PHASE_STRIP = NO;
				DEBUG_INFORMATION_FORMAT = dwarf;
				DEVELOPMENT_TEAM = 9HSMVVUMVX;
				ENABLE_STRICT_OBJC_MSGSEND = YES;
				ENABLE_TESTABILITY = YES;
				GCC_C_LANGUAGE_STANDARD = gnu11;
				GCC_DYNAMIC_NO_PIC = NO;
				GCC_NO_COMMON_BLOCKS = YES;
				GCC_OPTIMIZATION_LEVEL = 0;
				GCC_PREPROCESSOR_DEFINITIONS = (
					"$(inherited)",
					"DEBUG=1",
				);
				GCC_WARN_64_TO_32_BIT_CONVERSION = YES;
				GCC_WARN_ABOUT_RETURN_TYPE = YES_ERROR;
				GCC_WARN_UNDECLARED_SELECTOR = YES;
				GCC_WARN_UNINITIALIZED_AUTOS = YES_AGGRESSIVE;
				GCC_WARN_UNUSED_FUNCTION = YES;
				GCC_WARN_UNUSED_VARIABLE = YES;
				IPHONEOS_DEPLOYMENT_TARGET = 17.0;
				MTL_ENABLE_DEBUG_INFO = INCLUDE_SOURCE;
				MTL_FAST_MATH = YES;
				ONLY_ACTIVE_ARCH = YES;
				PRODUCT_NAME = "$(TARGET_NAME)";
				SDKROOT = iphoneos;
				SWIFT_ACTIVE_COMPILATION_CONDITIONS = DEBUG;
				SWIFT_OPTIMIZATION_LEVEL = "-Onone";
				SWIFT_VERSION = 5.0;
				TARGETED_DEVICE_FAMILY = 1;
			};
			name = Debug;
		};
		7F40CE6A7AF1D8DA3B484827 /* Debug */ = {
			isa = XCBuildConfiguration;
			buildSettings = {
				CODE_SIGN_ENTITLEMENTS = SlipShareExtension/SlipShareExtension.entitlements;
				CODE_SIGN_STYLE = Automatic;
				CURRENT_PROJECT_VERSION = 2;
				DEVELOPMENT_TEAM = 9HSMVVUMVX;
				GENERATE_INFOPLIST_FILE = NO;
				INFOPLIST_FILE = SlipShareExtension/Info.plist;
				LD_RUNPATH_SEARCH_PATHS = "$(inherited) @executable_path/Frameworks @executable_path/../../Frameworks";
				MARKETING_VERSION = 1.0.0;
				PRODUCT_BUNDLE_IDENTIFIER = com.aeswibon.slip.share;
				PRODUCT_NAME = SlipShareExtension;
				SDKROOT = iphoneos;
				SKIP_INSTALL = YES;
				TARGETED_DEVICE_FAMILY = 1;
			};
			name = Debug;
		};
		BC35A22228047C1E491389DE /* Release */ = {
			isa = XCBuildConfiguration;
			buildSettings = {
				ASSETCATALOG_COMPILER_APPICON_NAME = AppIcon;
				CODE_SIGN_ENTITLEMENTS = Slip/Slip.entitlements;
				CODE_SIGN_IDENTITY = "iPhone Developer";
				CODE_SIGN_STYLE = Automatic;
				CURRENT_PROJECT_VERSION = 2;
				DEVELOPMENT_TEAM = 9HSMVVUMVX;
				GENERATE_INFOPLIST_FILE = NO;
				INFOPLIST_FILE = Slip/Info.plist;
				LD_RUNPATH_SEARCH_PATHS = (
					"$(inherited)",
					"@executable_path/Frameworks",
				);
				MARKETING_VERSION = 1.0.0;
				PRODUCT_BUNDLE_IDENTIFIER = com.aeswibon.slip;
				PRODUCT_NAME = Slip;
				SDKROOT = iphoneos;
				SUPPORTS_MACCATALYST = NO;
				TARGETED_DEVICE_FAMILY = 1;
			};
			name = Release;
		};
		D8F25CD9F1ACA686BA0971F1 /* Release */ = {
			isa = XCBuildConfiguration;
			buildSettings = {
				CODE_SIGN_ENTITLEMENTS = SlipShareExtension/SlipShareExtension.entitlements;
				CODE_SIGN_STYLE = Automatic;
				CURRENT_PROJECT_VERSION = 2;
				DEVELOPMENT_TEAM = 9HSMVVUMVX;
				GENERATE_INFOPLIST_FILE = NO;
				INFOPLIST_FILE = SlipShareExtension/Info.plist;
				LD_RUNPATH_SEARCH_PATHS = "$(inherited) @executable_path/Frameworks @executable_path/../../Frameworks";
				MARKETING_VERSION = 1.0.0;
				PRODUCT_BUNDLE_IDENTIFIER = com.aeswibon.slip.share;
				PRODUCT_NAME = SlipShareExtension;
				SDKROOT = iphoneos;
				SKIP_INSTALL = YES;
				TARGETED_DEVICE_FAMILY = 1;
			};
			name = Release;
		};
		EDAC72736F4A9613EFF2F620 /* Release */ = {
			isa = XCBuildConfiguration;
			buildSettings = {
				ALWAYS_SEARCH_USER_PATHS = NO;
				BASE_SDK = iphoneos;
				CLANG_ANALYZER_NONNULL = YES;
				CLANG_ANALYZER_NUMBER_OBJECT_CONVERSION = YES_AGGRESSIVE;
				CLANG_CXX_LANGUAGE_STANDARD = "gnu++14";
				CLANG_CXX_LIBRARY = "libc++";
				CLANG_ENABLE_MODULES = YES;
				CLANG_ENABLE_OBJC_ARC = YES;
				CLANG_ENABLE_OBJC_WEAK = YES;
				CLANG_WARN_BLOCK_CAPTURE_AUTORELEASING = YES;
				CLANG_WARN_BOOL_CONVERSION = YES;
				CLANG_WARN_COMMA = YES;
				CLANG_WARN_CONSTANT_CONVERSION = YES;
				CLANG_WARN_DEPRECATED_OBJC_IMPLEMENTATIONS = YES;
				CLANG_WARN_DIRECT_OBJC_ISA_USAGE = YES_ERROR;
				CLANG_WARN_DOCUMENTATION_COMMENTS = YES;
				CLANG_WARN_EMPTY_BODY = YES;
				CLANG_WARN_ENUM_CONVERSION = YES;
				CLANG_WARN_INFINITE_RECURSION = YES;
				CLANG_WARN_INT_CONVERSION = YES;
				CLANG_WARN_NON_LITERAL_NULL_CONVERSION = YES;
				CLANG_WARN_OBJC_IMPLICIT_RETAIN_SELF = YES;
				CLANG_WARN_OBJC_LITERAL_CONVERSION = YES;
				CLANG_WARN_OBJC_ROOT_CLASS = YES_ERROR;
				CLANG_WARN_QUOTED_INCLUDE_IN_FRAMEWORK_HEADER = YES;
				CLANG_WARN_RANGE_LOOP_ANALYSIS = YES;
				CLANG_WARN_STRICT_PROTOTYPES = YES;
				CLANG_WARN_SUSPICIOUS_MOVE = YES;
				CLANG_WARN_UNGUARDED_AVAILABILITY = YES_AGGRESSIVE;
				CLANG_WARN_UNREACHABLE_CODE = YES;
				CLANG_WARN__DUPLICATE_METHOD_MATCH = YES;
				CODE_SIGN_STYLE = Automatic;
				COPY_PHASE_STRIP = NO;
				DEBUG_INFORMATION_FORMAT = "dwarf-with-dsym";
				DEVELOPMENT_TEAM = 9HSMVVUMVX;
				ENABLE_NS_ASSERTIONS = NO;
				ENABLE_STRICT_OBJC_MSGSEND = YES;
				GCC_C_LANGUAGE_STANDARD = gnu11;
				GCC_NO_COMMON_BLOCKS = YES;
				GCC_WARN_64_TO_32_BIT_CONVERSION = YES;
				GCC_WARN_ABOUT_RETURN_TYPE = YES_ERROR;
				GCC_WARN_UNDECLARED_SELECTOR = YES;
				GCC_WARN_UNINITIALIZED_AUTOS = YES_AGGRESSIVE;
				GCC_WARN_UNUSED_FUNCTION = YES;
				GCC_WARN_UNUSED_VARIABLE = YES;
				IPHONEOS_DEPLOYMENT_TARGET = 17.0;
				MTL_ENABLE_DEBUG_INFO = NO;
				MTL_FAST_MATH = YES;
				PRODUCT_NAME = "$(TARGET_NAME)";
				SDKROOT = iphoneos;
				SWIFT_COMPILATION_MODE = wholemodule;
				SWIFT_OPTIMIZATION_LEVEL = "-O";
				SWIFT_VERSION = 5.0;
				TARGETED_DEVICE_FAMILY = 1;
			};
			name = Release;
		};
/* End XCBuildConfiguration section */

/* Begin XCConfigurationList section */
		A74054958591834E1D9CAD16 /* Build configuration list for PBXNativeTarget "Slip" */ = {
			isa = XCConfigurationList;
			buildConfigurations = (
				556AD85553C7D8669A2D4AC0 /* Debug */,
				BC35A22228047C1E491389DE /* Release */,
			);
			defaultConfigurationIsVisible = 0;
			defaultConfigurationName = Debug;
		};
		F65C0A3032F85C12BD9BB716 /* Build configuration list for PBXNativeTarget "SlipShareExtension" */ = {
			isa = XCConfigurationList;
			buildConfigurations = (
				7F40CE6A7AF1D8DA3B484827 /* Debug */,
				D8F25CD9F1ACA686BA0971F1 /* Release */,
			);
			defaultConfigurationIsVisible = 0;
			defaultConfigurationName = Debug;
		};
		F8756B103478DA5ACB031984 /* Build configuration list for PBXProject "Slip" */ = {
			isa = XCConfigurationList;
			buildConfigurations = (
				6DFB729520BBD9F099AEC449 /* Debug */,
				EDAC72736F4A9613EFF2F620 /* Release */,
			);
			defaultConfigurationIsVisible = 0;
			defaultConfigurationName = Debug;
		};
/* End XCConfigurationList section */
	};
	rootObject = 61C076D643A84C32D1B91F12 /* Project object */;
}
